// !$*UTF8*$!
{
	archiveVersion = 1;
	classes = {
	};
	objectVersion = 46;
	objects = {

/* Begin PBXBuildFile section */
		04273BFC1F3B622A00459161 /* NavitiaSDKPromise.swift in Sources */ = {isa = PBXBuildFile; fileRef = 04273BFB1F3B622A00459161 /* NavitiaSDKPromise.swift */; };
		04EDABCD1F3DB1EA005A107D /* YelpController.swift in Sources */ = {isa = PBXBuildFile; fileRef = 04EDABCC1F3DB1EA005A107D /* YelpController.swift */; };
		81E4DB8B441D859CB837099F /* Pods_RenderTest.framework in Frameworks */ = {isa = PBXBuildFile; fileRef = 424AD243D003A93CB77465AD /* Pods_RenderTest.framework */; };
		A103CE421F28D83E00715FAB /* JourneyFormComponent.swift in Sources */ = {isa = PBXBuildFile; fileRef = A103CE411F28D83E00715FAB /* JourneyFormComponent.swift */; };
		A103CE441F28D89E00715FAB /* DateTimeButtonComponent.swift in Sources */ = {isa = PBXBuildFile; fileRef = A103CE431F28D89E00715FAB /* DateTimeButtonComponent.swift */; };
		A103CE461F28DAFB00715FAB /* FormComponent.swift in Sources */ = {isa = PBXBuildFile; fileRef = A103CE451F28DAFB00715FAB /* FormComponent.swift */; };
		A103CE481F28DB7F00715FAB /* AutocompleteInputComponent.swift in Sources */ = {isa = PBXBuildFile; fileRef = A103CE471F28DB7F00715FAB /* AutocompleteInputComponent.swift */; };
		A103CE4A1F28DC9A00715FAB /* IconComponent.swift in Sources */ = {isa = PBXBuildFile; fileRef = A103CE491F28DC9A00715FAB /* IconComponent.swift */; };
		A103CE4C1F28DE3200715FAB /* TextComponent.swift in Sources */ = {isa = PBXBuildFile; fileRef = A103CE4B1F28DE3200715FAB /* TextComponent.swift */; };
		A103CE4E1F28E17D00715FAB /* SeparatorComponent.swift in Sources */ = {isa = PBXBuildFile; fileRef = A103CE4D1F28E17D00715FAB /* SeparatorComponent.swift */; };
		A103CE501F28EA1D00715FAB /* ListRow.swift in Sources */ = {isa = PBXBuildFile; fileRef = A103CE4F1F28EA1D00715FAB /* ListRow.swift */; };
		A103CE521F28ED6300715FAB /* ListViewComponent.swift in Sources */ = {isa = PBXBuildFile; fileRef = A103CE511F28ED6300715FAB /* ListViewComponent.swift */; };
		A103CE541F28EFE300715FAB /* JourneySolutionComponent.swift in Sources */ = {isa = PBXBuildFile; fileRef = A103CE531F28EFE300715FAB /* JourneySolutionComponent.swift */; };
		A103CE561F28F0E000715FAB /* JourneySolutionRowComponent.swift in Sources */ = {isa = PBXBuildFile; fileRef = A103CE551F28F0E000715FAB /* JourneySolutionRowComponent.swift */; };
		A103CE581F28F30B00715FAB /* JourneyRoadmapFriezeComponent.swift in Sources */ = {isa = PBXBuildFile; fileRef = A103CE571F28F30B00715FAB /* JourneyRoadmapFriezeComponent.swift */; };
		A103CE5C1F28F52300715FAB /* DurationComponent.swift in Sources */ = {isa = PBXBuildFile; fileRef = A103CE5B1F28F52300715FAB /* DurationComponent.swift */; };
		A1139F2E1F29DEEB00FD467A /* JourneySectionModeComponent.swift in Sources */ = {isa = PBXBuildFile; fileRef = A1139F2D1F29DEEB00FD467A /* JourneySectionModeComponent.swift */; };
		A1139F301F29E1FD00FD467A /* ModeComponent.swift in Sources */ = {isa = PBXBuildFile; fileRef = A1139F2F1F29E1FD00FD467A /* ModeComponent.swift */; };
		A1139F351F29E47900FD467A /* ViewComponent.swift in Sources */ = {isa = PBXBuildFile; fileRef = A1139F341F29E47900FD467A /* ViewComponent.swift */; };
		A1139F371F29E4A800FD467A /* ButtonComponent.swift in Sources */ = {isa = PBXBuildFile; fileRef = A1139F361F29E4A800FD467A /* ButtonComponent.swift */; };
		A1139F391F29E51900FD467A /* LabelComponent.swift in Sources */ = {isa = PBXBuildFile; fileRef = A1139F381F29E51900FD467A /* LabelComponent.swift */; };
		A1139F441F2A241800FD467A /* StylizedComponent.swift in Sources */ = {isa = PBXBuildFile; fileRef = A1139F431F2A241800FD467A /* StylizedComponent.swift */; };
		A120D6531F34C9E400A6C34C /* EmptyStateType.swift in Sources */ = {isa = PBXBuildFile; fileRef = A120D6521F34C9E400A6C34C /* EmptyStateType.swift */; };
		A12FE1EB1F3059B600D2BB8F /* Dictionary.swift in Sources */ = {isa = PBXBuildFile; fileRef = A12FE1EA1F3059B600D2BB8F /* Dictionary.swift */; };
		A12FE1ED1F306B7700D2BB8F /* PlaceComponent.swift in Sources */ = {isa = PBXBuildFile; fileRef = A12FE1EC1F306B7700D2BB8F /* PlaceComponent.swift */; };
		A12FE1F41F30A07B00D2BB8F /* Icons.swift in Sources */ = {isa = PBXBuildFile; fileRef = A12FE1F31F30A07B00D2BB8F /* Icons.swift */; };
		A12FE1FA1F30B81400D2BB8F /* SDKIcons.ttf in Resources */ = {isa = PBXBuildFile; fileRef = A12FE1F91F30B81400D2BB8F /* SDKIcons.ttf */; };
		A135E0301F31BAD200191344 /* Configuration.swift in Sources */ = {isa = PBXBuildFile; fileRef = A135E02F1F31BAD200191344 /* Configuration.swift */; };
		A135E0321F31C75D00191344 /* JourneySectionAbstractComponent.swift in Sources */ = {isa = PBXBuildFile; fileRef = A135E0311F31C75D00191344 /* JourneySectionAbstractComponent.swift */; };
		A15734CA1F2B334300C860FC /* ScreenComponent.swift in Sources */ = {isa = PBXBuildFile; fileRef = A15734C91F2B334300C860FC /* ScreenComponent.swift */; };
		A16F65531F28924B0009A233 /* AppDelegate.swift in Sources */ = {isa = PBXBuildFile; fileRef = A16F65521F28924B0009A233 /* AppDelegate.swift */; };
		A16F65581F28924B0009A233 /* Main.storyboard in Resources */ = {isa = PBXBuildFile; fileRef = A16F65561F28924B0009A233 /* Main.storyboard */; };
		A16F655A1F28924B0009A233 /* Assets.xcassets in Resources */ = {isa = PBXBuildFile; fileRef = A16F65591F28924B0009A233 /* Assets.xcassets */; };
		A16F655D1F28924B0009A233 /* LaunchScreen.storyboard in Resources */ = {isa = PBXBuildFile; fileRef = A16F655B1F28924B0009A233 /* LaunchScreen.storyboard */; };
		A17F50D51F28BF7E00AF8F1C /* JourneySolutionsController.swift in Sources */ = {isa = PBXBuildFile; fileRef = A17F50D31F28BF7E00AF8F1C /* JourneySolutionsController.swift */; };
		A17F50D61F28BF7E00AF8F1C /* ViewController.swift in Sources */ = {isa = PBXBuildFile; fileRef = A17F50D41F28BF7E00AF8F1C /* ViewController.swift */; };
		A17F50D81F28BFD600AF8F1C /* BoxComponent.swift in Sources */ = {isa = PBXBuildFile; fileRef = A17F50D71F28BFD600AF8F1C /* BoxComponent.swift */; };
		A1819C0B1F31CBB200728894 /* LineCodeComponent.swift in Sources */ = {isa = PBXBuildFile; fileRef = A1819C0A1F31CBB200728894 /* LineCodeComponent.swift */; };
		A1819C0D1F31D1AB00728894 /* Metrics.swift in Sources */ = {isa = PBXBuildFile; fileRef = A1819C0C1F31D1AB00728894 /* Metrics.swift */; };
		A1819C0F1F31D51100728894 /* Color.swift in Sources */ = {isa = PBXBuildFile; fileRef = A1819C0E1F31D51100728894 /* Color.swift */; };
		A1819C111F31D74E00728894 /* JourneySectionSegmentComponent.swift in Sources */ = {isa = PBXBuildFile; fileRef = A1819C101F31D74E00728894 /* JourneySectionSegmentComponent.swift */; };
		A1819C131F33722C00728894 /* JourneyWalkingAbstractComponent.swift in Sources */ = {isa = PBXBuildFile; fileRef = A1819C121F33722C00728894 /* JourneyWalkingAbstractComponent.swift */; };
		A1A17AB81F28D168004B70FD /* JourneySolutionsScreen.swift in Sources */ = {isa = PBXBuildFile; fileRef = A1A17AB71F28D168004B70FD /* JourneySolutionsScreen.swift */; };
		A1A17ABA1F28D1FF004B70FD /* ContainerComponent.swift in Sources */ = {isa = PBXBuildFile; fileRef = A1A17AB91F28D1FF004B70FD /* ContainerComponent.swift */; };
/* End PBXBuildFile section */

/* Begin PBXFileReference section */
		04273BFB1F3B622A00459161 /* NavitiaSDKPromise.swift */ = {isa = PBXFileReference; fileEncoding = 4; lastKnownFileType = sourcecode.swift; name = NavitiaSDKPromise.swift; path = Promise/NavitiaSDKPromise.swift; sourceTree = "<group>"; };
		04EDABCC1F3DB1EA005A107D /* YelpController.swift */ = {isa = PBXFileReference; fileEncoding = 4; lastKnownFileType = sourcecode.swift; path = YelpController.swift; sourceTree = "<group>"; };
		424AD243D003A93CB77465AD /* Pods_RenderTest.framework */ = {isa = PBXFileReference; explicitFileType = wrapper.framework; includeInIndex = 0; path = Pods_RenderTest.framework; sourceTree = BUILT_PRODUCTS_DIR; };
		5BB69EB843897A145EE2B03D /* Pods_RenderTestUITests.framework */ = {isa = PBXFileReference; explicitFileType = wrapper.framework; includeInIndex = 0; path = Pods_RenderTestUITests.framework; sourceTree = BUILT_PRODUCTS_DIR; };
		5D4B9C5B87B1D5426D71D8EA /* Pods-RenderTest.debug.xcconfig */ = {isa = PBXFileReference; includeInIndex = 1; lastKnownFileType = text.xcconfig; name = "Pods-RenderTest.debug.xcconfig"; path = "Pods/Target Support Files/Pods-RenderTest/Pods-RenderTest.debug.xcconfig"; sourceTree = "<group>"; };
		608B53C2D36D10804B512C88 /* Pods_RenderTestTests.framework */ = {isa = PBXFileReference; explicitFileType = wrapper.framework; includeInIndex = 0; path = Pods_RenderTestTests.framework; sourceTree = BUILT_PRODUCTS_DIR; };
		A103CE411F28D83E00715FAB /* JourneyFormComponent.swift */ = {isa = PBXFileReference; fileEncoding = 4; lastKnownFileType = sourcecode.swift; name = JourneyFormComponent.swift; path = Components/JourneyFormComponent.swift; sourceTree = "<group>"; };
		A103CE431F28D89E00715FAB /* DateTimeButtonComponent.swift */ = {isa = PBXFileReference; fileEncoding = 4; lastKnownFileType = sourcecode.swift; name = DateTimeButtonComponent.swift; path = Components/DateTimeButtonComponent.swift; sourceTree = "<group>"; };
		A103CE451F28DAFB00715FAB /* FormComponent.swift */ = {isa = PBXFileReference; fileEncoding = 4; lastKnownFileType = sourcecode.swift; name = FormComponent.swift; path = Components/FormComponent.swift; sourceTree = "<group>"; };
		A103CE471F28DB7F00715FAB /* AutocompleteInputComponent.swift */ = {isa = PBXFileReference; fileEncoding = 4; lastKnownFileType = sourcecode.swift; name = AutocompleteInputComponent.swift; path = Components/AutocompleteInputComponent.swift; sourceTree = "<group>"; };
		A103CE491F28DC9A00715FAB /* IconComponent.swift */ = {isa = PBXFileReference; fileEncoding = 4; lastKnownFileType = sourcecode.swift; name = IconComponent.swift; path = Components/IconComponent.swift; sourceTree = "<group>"; };
		A103CE4B1F28DE3200715FAB /* TextComponent.swift */ = {isa = PBXFileReference; fileEncoding = 4; lastKnownFileType = sourcecode.swift; name = TextComponent.swift; path = Components/TextComponent.swift; sourceTree = "<group>"; };
		A103CE4D1F28E17D00715FAB /* SeparatorComponent.swift */ = {isa = PBXFileReference; fileEncoding = 4; lastKnownFileType = sourcecode.swift; name = SeparatorComponent.swift; path = Components/SeparatorComponent.swift; sourceTree = "<group>"; };
		A103CE4F1F28EA1D00715FAB /* ListRow.swift */ = {isa = PBXFileReference; fileEncoding = 4; lastKnownFileType = sourcecode.swift; name = ListRow.swift; path = Components/ListRow.swift; sourceTree = "<group>"; };
		A103CE511F28ED6300715FAB /* ListViewComponent.swift */ = {isa = PBXFileReference; fileEncoding = 4; lastKnownFileType = sourcecode.swift; name = ListViewComponent.swift; path = Components/ListViewComponent.swift; sourceTree = "<group>"; };
		A103CE531F28EFE300715FAB /* JourneySolutionComponent.swift */ = {isa = PBXFileReference; fileEncoding = 4; lastKnownFileType = sourcecode.swift; name = JourneySolutionComponent.swift; path = Components/JourneySolutionComponent.swift; sourceTree = "<group>"; };
		A103CE551F28F0E000715FAB /* JourneySolutionRowComponent.swift */ = {isa = PBXFileReference; fileEncoding = 4; lastKnownFileType = sourcecode.swift; name = JourneySolutionRowComponent.swift; path = Components/JourneySolutionRowComponent.swift; sourceTree = "<group>"; };
		A103CE571F28F30B00715FAB /* JourneyRoadmapFriezeComponent.swift */ = {isa = PBXFileReference; fileEncoding = 4; lastKnownFileType = sourcecode.swift; name = JourneyRoadmapFriezeComponent.swift; path = Components/JourneyRoadmapFriezeComponent.swift; sourceTree = "<group>"; };
		A103CE5B1F28F52300715FAB /* DurationComponent.swift */ = {isa = PBXFileReference; fileEncoding = 4; lastKnownFileType = sourcecode.swift; name = DurationComponent.swift; path = Components/DurationComponent.swift; sourceTree = "<group>"; };
		A1139F2D1F29DEEB00FD467A /* JourneySectionModeComponent.swift */ = {isa = PBXFileReference; fileEncoding = 4; lastKnownFileType = sourcecode.swift; name = JourneySectionModeComponent.swift; path = Components/JourneySectionModeComponent.swift; sourceTree = "<group>"; };
		A1139F2F1F29E1FD00FD467A /* ModeComponent.swift */ = {isa = PBXFileReference; fileEncoding = 4; lastKnownFileType = sourcecode.swift; name = ModeComponent.swift; path = Components/ModeComponent.swift; sourceTree = "<group>"; };
		A1139F341F29E47900FD467A /* ViewComponent.swift */ = {isa = PBXFileReference; fileEncoding = 4; lastKnownFileType = sourcecode.swift; name = ViewComponent.swift; path = Components/Primitive/ViewComponent.swift; sourceTree = "<group>"; };
		A1139F361F29E4A800FD467A /* ButtonComponent.swift */ = {isa = PBXFileReference; fileEncoding = 4; lastKnownFileType = sourcecode.swift; name = ButtonComponent.swift; path = Components/Primitive/ButtonComponent.swift; sourceTree = "<group>"; };
		A1139F381F29E51900FD467A /* LabelComponent.swift */ = {isa = PBXFileReference; fileEncoding = 4; lastKnownFileType = sourcecode.swift; name = LabelComponent.swift; path = Components/Primitive/LabelComponent.swift; sourceTree = "<group>"; };
		A1139F431F2A241800FD467A /* StylizedComponent.swift */ = {isa = PBXFileReference; fileEncoding = 4; lastKnownFileType = sourcecode.swift; name = StylizedComponent.swift; path = Components/Primitive/StylizedComponent.swift; sourceTree = "<group>"; };
		A120D6521F34C9E400A6C34C /* EmptyStateType.swift */ = {isa = PBXFileReference; fileEncoding = 4; lastKnownFileType = sourcecode.swift; name = EmptyStateType.swift; path = Components/Primitive/EmptyStateType.swift; sourceTree = "<group>"; };
		A12FE1EA1F3059B600D2BB8F /* Dictionary.swift */ = {isa = PBXFileReference; fileEncoding = 4; lastKnownFileType = sourcecode.swift; name = Dictionary.swift; path = Util/Dictionary.swift; sourceTree = "<group>"; };
		A12FE1EC1F306B7700D2BB8F /* PlaceComponent.swift */ = {isa = PBXFileReference; fileEncoding = 4; lastKnownFileType = sourcecode.swift; name = PlaceComponent.swift; path = Components/PlaceComponent.swift; sourceTree = "<group>"; };
		A12FE1F31F30A07B00D2BB8F /* Icons.swift */ = {isa = PBXFileReference; fileEncoding = 4; lastKnownFileType = sourcecode.swift; name = Icons.swift; path = Util/Icons.swift; sourceTree = "<group>"; };
		A12FE1F91F30B81400D2BB8F /* SDKIcons.ttf */ = {isa = PBXFileReference; lastKnownFileType = file; path = SDKIcons.ttf; sourceTree = "<group>"; };
		A135E02F1F31BAD200191344 /* Configuration.swift */ = {isa = PBXFileReference; fileEncoding = 4; lastKnownFileType = sourcecode.swift; name = Configuration.swift; path = Resources/Config/Configuration.swift; sourceTree = "<group>"; };
		A135E0311F31C75D00191344 /* JourneySectionAbstractComponent.swift */ = {isa = PBXFileReference; fileEncoding = 4; lastKnownFileType = sourcecode.swift; name = JourneySectionAbstractComponent.swift; path = Components/JourneySectionAbstractComponent.swift; sourceTree = "<group>"; };
		A15734C91F2B334300C860FC /* ScreenComponent.swift */ = {isa = PBXFileReference; fileEncoding = 4; lastKnownFileType = sourcecode.swift; name = ScreenComponent.swift; path = Components/Primitive/ScreenComponent.swift; sourceTree = "<group>"; };
		A16F654F1F28924B0009A233 /* RenderTest.app */ = {isa = PBXFileReference; explicitFileType = wrapper.application; includeInIndex = 0; path = RenderTest.app; sourceTree = BUILT_PRODUCTS_DIR; };
		A16F65521F28924B0009A233 /* AppDelegate.swift */ = {isa = PBXFileReference; lastKnownFileType = sourcecode.swift; path = AppDelegate.swift; sourceTree = "<group>"; };
		A16F65571F28924B0009A233 /* Base */ = {isa = PBXFileReference; lastKnownFileType = file.storyboard; name = Base; path = Base.lproj/Main.storyboard; sourceTree = "<group>"; };
		A16F65591F28924B0009A233 /* Assets.xcassets */ = {isa = PBXFileReference; lastKnownFileType = folder.assetcatalog; path = Assets.xcassets; sourceTree = "<group>"; };
		A16F655C1F28924B0009A233 /* Base */ = {isa = PBXFileReference; lastKnownFileType = file.storyboard; name = Base; path = Base.lproj/LaunchScreen.storyboard; sourceTree = "<group>"; };
		A16F655E1F28924B0009A233 /* Info.plist */ = {isa = PBXFileReference; lastKnownFileType = text.plist.xml; path = Info.plist; sourceTree = "<group>"; };
		A17F50D31F28BF7E00AF8F1C /* JourneySolutionsController.swift */ = {isa = PBXFileReference; fileEncoding = 4; lastKnownFileType = sourcecode.swift; name = JourneySolutionsController.swift; path = Controllers/JourneySolutionsController.swift; sourceTree = "<group>"; };
		A17F50D41F28BF7E00AF8F1C /* ViewController.swift */ = {isa = PBXFileReference; fileEncoding = 4; lastKnownFileType = sourcecode.swift; name = ViewController.swift; path = Controllers/ViewController.swift; sourceTree = "<group>"; };
		A17F50D71F28BFD600AF8F1C /* BoxComponent.swift */ = {isa = PBXFileReference; fileEncoding = 4; lastKnownFileType = sourcecode.swift; name = BoxComponent.swift; path = Components/BoxComponent.swift; sourceTree = "<group>"; };
		A1819C0A1F31CBB200728894 /* LineCodeComponent.swift */ = {isa = PBXFileReference; fileEncoding = 4; lastKnownFileType = sourcecode.swift; name = LineCodeComponent.swift; path = Components/LineCodeComponent.swift; sourceTree = "<group>"; };
		A1819C0C1F31D1AB00728894 /* Metrics.swift */ = {isa = PBXFileReference; fileEncoding = 4; lastKnownFileType = sourcecode.swift; name = Metrics.swift; path = Util/Metrics.swift; sourceTree = "<group>"; };
		A1819C0E1F31D51100728894 /* Color.swift */ = {isa = PBXFileReference; fileEncoding = 4; lastKnownFileType = sourcecode.swift; name = Color.swift; path = Util/Color.swift; sourceTree = "<group>"; };
		A1819C101F31D74E00728894 /* JourneySectionSegmentComponent.swift */ = {isa = PBXFileReference; fileEncoding = 4; lastKnownFileType = sourcecode.swift; name = JourneySectionSegmentComponent.swift; path = Components/JourneySectionSegmentComponent.swift; sourceTree = "<group>"; };
		A1819C121F33722C00728894 /* JourneyWalkingAbstractComponent.swift */ = {isa = PBXFileReference; fileEncoding = 4; lastKnownFileType = sourcecode.swift; name = JourneyWalkingAbstractComponent.swift; path = Components/JourneyWalkingAbstractComponent.swift; sourceTree = "<group>"; };
		A1A17AB71F28D168004B70FD /* JourneySolutionsScreen.swift */ = {isa = PBXFileReference; fileEncoding = 4; lastKnownFileType = sourcecode.swift; name = JourneySolutionsScreen.swift; path = Screens/JourneySolutionsScreen.swift; sourceTree = "<group>"; };
		A1A17AB91F28D1FF004B70FD /* ContainerComponent.swift */ = {isa = PBXFileReference; fileEncoding = 4; lastKnownFileType = sourcecode.swift; name = ContainerComponent.swift; path = Components/ContainerComponent.swift; sourceTree = "<group>"; };
		EA90B2DEB60A30D341B4A400 /* Pods-RenderTest.release.xcconfig */ = {isa = PBXFileReference; includeInIndex = 1; lastKnownFileType = text.xcconfig; name = "Pods-RenderTest.release.xcconfig"; path = "Pods/Target Support Files/Pods-RenderTest/Pods-RenderTest.release.xcconfig"; sourceTree = "<group>"; };
/* End PBXFileReference section */

/* Begin PBXFrameworksBuildPhase section */
		A16F654C1F28924B0009A233 /* Frameworks */ = {
			isa = PBXFrameworksBuildPhase;
			buildActionMask = 2147483647;
			files = (
				81E4DB8B441D859CB837099F /* Pods_RenderTest.framework in Frameworks */,
			);
			runOnlyForDeploymentPostprocessing = 0;
		};
/* End PBXFrameworksBuildPhase section */

/* Begin PBXGroup section */
		04273BFA1F3B619300459161 /* Promise */ = {
			isa = PBXGroup;
			children = (
				04273BFB1F3B622A00459161 /* NavitiaSDKPromise.swift */,
			);
			name = Promise;
			sourceTree = "<group>";
		};
		1DCFF2001B87A4E27292CCA2 /* Pods */ = {
			isa = PBXGroup;
			children = (
				5D4B9C5B87B1D5426D71D8EA /* Pods-RenderTest.debug.xcconfig */,
				EA90B2DEB60A30D341B4A400 /* Pods-RenderTest.release.xcconfig */,
			);
			name = Pods;
			sourceTree = "<group>";
		};
		36881CC2D917FEEB7C8E50B6 /* Frameworks */ = {
			isa = PBXGroup;
			children = (
				424AD243D003A93CB77465AD /* Pods_RenderTest.framework */,
				608B53C2D36D10804B512C88 /* Pods_RenderTestTests.framework */,
				5BB69EB843897A145EE2B03D /* Pods_RenderTestUITests.framework */,
			);
			name = Frameworks;
			sourceTree = "<group>";
		};
		A1139F331F29E43C00FD467A /* Primitive */ = {
			isa = PBXGroup;
			children = (
				A1139F361F29E4A800FD467A /* ButtonComponent.swift */,
				A1139F381F29E51900FD467A /* LabelComponent.swift */,
				A15734C91F2B334300C860FC /* ScreenComponent.swift */,
				A1139F431F2A241800FD467A /* StylizedComponent.swift */,
				A1139F341F29E47900FD467A /* ViewComponent.swift */,
				A120D6521F34C9E400A6C34C /* EmptyStateType.swift */,
			);
			name = Primitive;
			sourceTree = "<group>";
		};
		A1139F3E1F2A16B600FD467A /* Util */ = {
			isa = PBXGroup;
			children = (
				A12FE1EA1F3059B600D2BB8F /* Dictionary.swift */,
				A12FE1F31F30A07B00D2BB8F /* Icons.swift */,
				A1819C0C1F31D1AB00728894 /* Metrics.swift */,
				A1819C0E1F31D51100728894 /* Color.swift */,
			);
			name = Util;
			sourceTree = "<group>";
		};
		A135E02D1F31BA6C00191344 /* Resources */ = {
			isa = PBXGroup;
			children = (
				A135E02E1F31BA7100191344 /* Config */,
			);
			name = Resources;
			sourceTree = "<group>";
		};
		A135E02E1F31BA7100191344 /* Config */ = {
			isa = PBXGroup;
			children = (
				A135E02F1F31BAD200191344 /* Configuration.swift */,
			);
			name = Config;
			sourceTree = "<group>";
		};
		A16F65461F28924B0009A233 = {
			isa = PBXGroup;
			children = (
				A16F65511F28924B0009A233 /* RenderTest */,
				A16F65501F28924B0009A233 /* Products */,
				1DCFF2001B87A4E27292CCA2 /* Pods */,
				36881CC2D917FEEB7C8E50B6 /* Frameworks */,
			);
			sourceTree = "<group>";
		};
		A16F65501F28924B0009A233 /* Products */ = {
			isa = PBXGroup;
			children = (
				A16F654F1F28924B0009A233 /* RenderTest.app */,
			);
			name = Products;
			sourceTree = "<group>";
		};
		A16F65511F28924B0009A233 /* RenderTest */ = {
			isa = PBXGroup;
			children = (
				04273BFA1F3B619300459161 /* Promise */,
				A183C2D31F289EC000BD0715 /* Controllers */,
				A183C2D41F289EE800BD0715 /* Screens */,
				A183C2D21F289EB000BD0715 /* Components */,
				A135E02D1F31BA6C00191344 /* Resources */,
				A1139F3E1F2A16B600FD467A /* Util */,
				A16F65521F28924B0009A233 /* AppDelegate.swift */,
				A16F65561F28924B0009A233 /* Main.storyboard */,
				A16F65591F28924B0009A233 /* Assets.xcassets */,
				A16F655B1F28924B0009A233 /* LaunchScreen.storyboard */,
				A16F655E1F28924B0009A233 /* Info.plist */,
				A12FE1F91F30B81400D2BB8F /* SDKIcons.ttf */,
			);
			path = RenderTest;
			sourceTree = "<group>";
		};
		A183C2D21F289EB000BD0715 /* Components */ = {
			isa = PBXGroup;
			children = (
				A1139F331F29E43C00FD467A /* Primitive */,
				A103CE471F28DB7F00715FAB /* AutocompleteInputComponent.swift */,
				A17F50D71F28BFD600AF8F1C /* BoxComponent.swift */,
				A103CE431F28D89E00715FAB /* DateTimeButtonComponent.swift */,
				A103CE5B1F28F52300715FAB /* DurationComponent.swift */,
				A1A17AB91F28D1FF004B70FD /* ContainerComponent.swift */,
				A103CE451F28DAFB00715FAB /* FormComponent.swift */,
				A103CE491F28DC9A00715FAB /* IconComponent.swift */,
				A103CE411F28D83E00715FAB /* JourneyFormComponent.swift */,
				A103CE571F28F30B00715FAB /* JourneyRoadmapFriezeComponent.swift */,
				A135E0311F31C75D00191344 /* JourneySectionAbstractComponent.swift */,
				A1139F2D1F29DEEB00FD467A /* JourneySectionModeComponent.swift */,
				A1819C101F31D74E00728894 /* JourneySectionSegmentComponent.swift */,
				A103CE531F28EFE300715FAB /* JourneySolutionComponent.swift */,
				A103CE551F28F0E000715FAB /* JourneySolutionRowComponent.swift */,
				A1819C121F33722C00728894 /* JourneyWalkingAbstractComponent.swift */,
				A1819C0A1F31CBB200728894 /* LineCodeComponent.swift */,
				A103CE4F1F28EA1D00715FAB /* ListRow.swift */,
				A103CE511F28ED6300715FAB /* ListViewComponent.swift */,
				A1139F2F1F29E1FD00FD467A /* ModeComponent.swift */,
				A12FE1EC1F306B7700D2BB8F /* PlaceComponent.swift */,
				A103CE4D1F28E17D00715FAB /* SeparatorComponent.swift */,
				A103CE4B1F28DE3200715FAB /* TextComponent.swift */,
			);
			name = Components;
			sourceTree = "<group>";
		};
		A183C2D31F289EC000BD0715 /* Controllers */ = {
			isa = PBXGroup;
			children = (
				A17F50D31F28BF7E00AF8F1C /* JourneySolutionsController.swift */,
				A17F50D41F28BF7E00AF8F1C /* ViewController.swift */,
				04EDABCC1F3DB1EA005A107D /* YelpController.swift */,
			);
			name = Controllers;
			sourceTree = "<group>";
		};
		A183C2D41F289EE800BD0715 /* Screens */ = {
			isa = PBXGroup;
			children = (
				A1A17AB71F28D168004B70FD /* JourneySolutionsScreen.swift */,
			);
			name = Screens;
			sourceTree = "<group>";
		};
/* End PBXGroup section */

/* Begin PBXNativeTarget section */
		A16F654E1F28924B0009A233 /* RenderTest */ = {
			isa = PBXNativeTarget;
			buildConfigurationList = A16F65771F28924B0009A233 /* Build configuration list for PBXNativeTarget "RenderTest" */;
			buildPhases = (
				B7776973A395DE36929489C5 /* [CP] Check Pods Manifest.lock */,
				A16F654B1F28924B0009A233 /* Sources */,
				A16F654C1F28924B0009A233 /* Frameworks */,
				A16F654D1F28924B0009A233 /* Resources */,
				ABDC08D68D279861CC0D8B02 /* [CP] Embed Pods Frameworks */,
				9E6F34342321FAC05054C58D /* [CP] Copy Pods Resources */,
			);
			buildRules = (
			);
			dependencies = (
			);
			name = RenderTest;
			productName = RenderTest;
			productReference = A16F654F1F28924B0009A233 /* RenderTest.app */;
			productType = "com.apple.product-type.application";
		};
/* End PBXNativeTarget section */

/* Begin PBXProject section */
		A16F65471F28924B0009A233 /* Project object */ = {
			isa = PBXProject;
			attributes = {
				LastSwiftUpdateCheck = 0830;
				LastUpgradeCheck = 0830;
				ORGANIZATIONNAME = Kisio;
				TargetAttributes = {
					A16F654E1F28924B0009A233 = {
						CreatedOnToolsVersion = 8.3.3;
						DevelopmentTeam = AK7DPF549M;
						ProvisioningStyle = Automatic;
					};
				};
			};
			buildConfigurationList = A16F654A1F28924B0009A233 /* Build configuration list for PBXProject "RenderTest" */;
			compatibilityVersion = "Xcode 3.2";
			developmentRegion = English;
			hasScannedForEncodings = 0;
			knownRegions = (
				en,
				Base,
			);
			mainGroup = A16F65461F28924B0009A233;
			productRefGroup = A16F65501F28924B0009A233 /* Products */;
			projectDirPath = "";
			projectRoot = "";
			targets = (
				A16F654E1F28924B0009A233 /* RenderTest */,
			);
		};
/* End PBXProject section */

/* Begin PBXResourcesBuildPhase section */
		A16F654D1F28924B0009A233 /* Resources */ = {
			isa = PBXResourcesBuildPhase;
			buildActionMask = 2147483647;
			files = (
				A16F655D1F28924B0009A233 /* LaunchScreen.storyboard in Resources */,
				A16F655A1F28924B0009A233 /* Assets.xcassets in Resources */,
				A12FE1FA1F30B81400D2BB8F /* SDKIcons.ttf in Resources */,
				A16F65581F28924B0009A233 /* Main.storyboard in Resources */,
			);
			runOnlyForDeploymentPostprocessing = 0;
		};
/* End PBXResourcesBuildPhase section */

/* Begin PBXShellScriptBuildPhase section */
		9E6F34342321FAC05054C58D /* [CP] Copy Pods Resources */ = {
			isa = PBXShellScriptBuildPhase;
			buildActionMask = 2147483647;
			files = (
			);
			inputPaths = (
			);
			name = "[CP] Copy Pods Resources";
			outputPaths = (
			);
			runOnlyForDeploymentPostprocessing = 0;
			shellPath = /bin/sh;
			shellScript = "\"${SRCROOT}/Pods/Target Support Files/Pods-RenderTest/Pods-RenderTest-resources.sh\"\n";
			showEnvVarsInLog = 0;
		};
		ABDC08D68D279861CC0D8B02 /* [CP] Embed Pods Frameworks */ = {
			isa = PBXShellScriptBuildPhase;
			buildActionMask = 2147483647;
			files = (
			);
			inputPaths = (
				"${SRCROOT}/Pods/Target Support Files/Pods-RenderTest/Pods-RenderTest-frameworks.sh",
				"${BUILT_PRODUCTS_DIR}/Alamofire/Alamofire.framework",
				"${BUILT_PRODUCTS_DIR}/AlamofireObjectMapper/AlamofireObjectMapper.framework",
				"${BUILT_PRODUCTS_DIR}/NavitiaSDK/NavitiaSDK.framework",
				"${BUILT_PRODUCTS_DIR}/ObjectMapper/ObjectMapper.framework",
				"${BUILT_PRODUCTS_DIR}/Render/Render.framework",
			);
			name = "[CP] Embed Pods Frameworks";
			outputPaths = (
				"${TARGET_BUILD_DIR}/${FRAMEWORKS_FOLDER_PATH}/Alamofire.framework",
				"${TARGET_BUILD_DIR}/${FRAMEWORKS_FOLDER_PATH}/AlamofireObjectMapper.framework",
				"${TARGET_BUILD_DIR}/${FRAMEWORKS_FOLDER_PATH}/NavitiaSDK.framework",
				"${TARGET_BUILD_DIR}/${FRAMEWORKS_FOLDER_PATH}/ObjectMapper.framework",
				"${TARGET_BUILD_DIR}/${FRAMEWORKS_FOLDER_PATH}/Render.framework",
			);
			runOnlyForDeploymentPostprocessing = 0;
			shellPath = /bin/sh;
			shellScript = "\"${SRCROOT}/Pods/Target Support Files/Pods-RenderTest/Pods-RenderTest-frameworks.sh\"\n";
			showEnvVarsInLog = 0;
		};
		B7776973A395DE36929489C5 /* [CP] Check Pods Manifest.lock */ = {
			isa = PBXShellScriptBuildPhase;
			buildActionMask = 2147483647;
			files = (
			);
			inputPaths = (
				"${PODS_PODFILE_DIR_PATH}/Podfile.lock",
				"${PODS_ROOT}/Manifest.lock",
			);
			name = "[CP] Check Pods Manifest.lock";
			outputPaths = (
				"$(DERIVED_FILE_DIR)/Pods-RenderTest-checkManifestLockResult.txt",
			);
			runOnlyForDeploymentPostprocessing = 0;
			shellPath = /bin/sh;
			shellScript = "diff \"${PODS_ROOT}/../Podfile.lock\" \"${PODS_ROOT}/Manifest.lock\" > /dev/null\nif [ $? != 0 ] ; then\n    # print error to STDERR\n    echo \"error: The sandbox is not in sync with the Podfile.lock. Run 'pod install' or update your CocoaPods installation.\" >&2\n    exit 1\nfi\n";
			showEnvVarsInLog = 0;
		};
/* End PBXShellScriptBuildPhase section */

/* Begin PBXSourcesBuildPhase section */
		A16F654B1F28924B0009A233 /* Sources */ = {
			isa = PBXSourcesBuildPhase;
			buildActionMask = 2147483647;
			files = (
				A17F50D81F28BFD600AF8F1C /* BoxComponent.swift in Sources */,
				04273BFC1F3B622A00459161 /* NavitiaSDKPromise.swift in Sources */,
				A120D6531F34C9E400A6C34C /* EmptyStateType.swift in Sources */,
				A1139F2E1F29DEEB00FD467A /* JourneySectionModeComponent.swift in Sources */,
				A1139F391F29E51900FD467A /* LabelComponent.swift in Sources */,
				A12FE1ED1F306B7700D2BB8F /* PlaceComponent.swift in Sources */,
				A1A17AB81F28D168004B70FD /* JourneySolutionsScreen.swift in Sources */,
				A135E0321F31C75D00191344 /* JourneySectionAbstractComponent.swift in Sources */,
				A103CE461F28DAFB00715FAB /* FormComponent.swift in Sources */,
				A135E0301F31BAD200191344 /* Configuration.swift in Sources */,
				A103CE481F28DB7F00715FAB /* AutocompleteInputComponent.swift in Sources */,
				A16F65531F28924B0009A233 /* AppDelegate.swift in Sources */,
				A103CE441F28D89E00715FAB /* DateTimeButtonComponent.swift in Sources */,
				A103CE5C1F28F52300715FAB /* DurationComponent.swift in Sources */,
				A103CE4C1F28DE3200715FAB /* TextComponent.swift in Sources */,
				A103CE421F28D83E00715FAB /* JourneyFormComponent.swift in Sources */,
				A1819C111F31D74E00728894 /* JourneySectionSegmentComponent.swift in Sources */,
				A1819C131F33722C00728894 /* JourneyWalkingAbstractComponent.swift in Sources */,
				A1819C0B1F31CBB200728894 /* LineCodeComponent.swift in Sources */,
				A12FE1F41F30A07B00D2BB8F /* Icons.swift in Sources */,
				A1139F351F29E47900FD467A /* ViewComponent.swift in Sources */,
				A103CE581F28F30B00715FAB /* JourneyRoadmapFriezeComponent.swift in Sources */,
				A1139F301F29E1FD00FD467A /* ModeComponent.swift in Sources */,
				04EDABCD1F3DB1EA005A107D /* YelpController.swift in Sources */,
				A1A17ABA1F28D1FF004B70FD /* ContainerComponent.swift in Sources */,
				A103CE541F28EFE300715FAB /* JourneySolutionComponent.swift in Sources */,
				A1819C0D1F31D1AB00728894 /* Metrics.swift in Sources */,
				A1819C0F1F31D51100728894 /* Color.swift in Sources */,
				A1139F371F29E4A800FD467A /* ButtonComponent.swift in Sources */,
				A17F50D61F28BF7E00AF8F1C /* ViewController.swift in Sources */,
				A103CE561F28F0E000715FAB /* JourneySolutionRowComponent.swift in Sources */,
				A15734CA1F2B334300C860FC /* ScreenComponent.swift in Sources */,
				A103CE4A1F28DC9A00715FAB /* IconComponent.swift in Sources */,
				A1139F441F2A241800FD467A /* StylizedComponent.swift in Sources */,
				A103CE521F28ED6300715FAB /* ListViewComponent.swift in Sources */,
				A17F50D51F28BF7E00AF8F1C /* JourneySolutionsController.swift in Sources */,
				A12FE1EB1F3059B600D2BB8F /* Dictionary.swift in Sources */,
				A103CE4E1F28E17D00715FAB /* SeparatorComponent.swift in Sources */,
				A103CE501F28EA1D00715FAB /* ListRow.swift in Sources */,
			);
			runOnlyForDeploymentPostprocessing = 0;
		};
/* End PBXSourcesBuildPhase section */

/* Begin PBXVariantGroup section */
		A16F65561F28924B0009A233 /* Main.storyboard */ = {
			isa = PBXVariantGroup;
			children = (
				A16F65571F28924B0009A233 /* Base */,
			);
			name = Main.storyboard;
			sourceTree = "<group>";
		};
		A16F655B1F28924B0009A233 /* LaunchScreen.storyboard */ = {
			isa = PBXVariantGroup;
			children = (
				A16F655C1F28924B0009A233 /* Base */,
			);
			name = LaunchScreen.storyboard;
			sourceTree = "<group>";
		};
/* End PBXVariantGroup section */

/* Begin XCBuildConfiguration section */
		A16F65751F28924B0009A233 /* Debug */ = {
			isa = XCBuildConfiguration;
			buildSettings = {
				ALWAYS_SEARCH_USER_PATHS = NO;
				CLANG_ANALYZER_NONNULL = YES;
				CLANG_ANALYZER_NUMBER_OBJECT_CONVERSION = YES_AGGRESSIVE;
				CLANG_CXX_LANGUAGE_STANDARD = "gnu++0x";
				CLANG_CXX_LIBRARY = "libc++";
				CLANG_ENABLE_MODULES = YES;
				CLANG_ENABLE_OBJC_ARC = YES;
				CLANG_WARN_BOOL_CONVERSION = YES;
				CLANG_WARN_CONSTANT_CONVERSION = YES;
				CLANG_WARN_DIRECT_OBJC_ISA_USAGE = YES_ERROR;
				CLANG_WARN_DOCUMENTATION_COMMENTS = YES;
				CLANG_WARN_EMPTY_BODY = YES;
				CLANG_WARN_ENUM_CONVERSION = YES;
				CLANG_WARN_INFINITE_RECURSION = YES;
				CLANG_WARN_INT_CONVERSION = YES;
				CLANG_WARN_OBJC_ROOT_CLASS = YES_ERROR;
				CLANG_WARN_SUSPICIOUS_MOVE = YES;
				CLANG_WARN_UNREACHABLE_CODE = YES;
				CLANG_WARN__DUPLICATE_METHOD_MATCH = YES;
				"CODE_SIGN_IDENTITY[sdk=iphoneos*]" = "iPhone Developer";
				COPY_PHASE_STRIP = NO;
				DEBUG_INFORMATION_FORMAT = dwarf;
				ENABLE_STRICT_OBJC_MSGSEND = YES;
				ENABLE_TESTABILITY = YES;
				GCC_C_LANGUAGE_STANDARD = gnu99;
				GCC_DYNAMIC_NO_PIC = NO;
				GCC_NO_COMMON_BLOCKS = YES;
				GCC_OPTIMIZATION_LEVEL = 0;
				GCC_PREPROCESSOR_DEFINITIONS = (
					"DEBUG=1",
					"$(inherited)",
				);
				GCC_WARN_64_TO_32_BIT_CONVERSION = YES;
				GCC_WARN_ABOUT_RETURN_TYPE = YES_ERROR;
				GCC_WARN_UNDECLARED_SELECTOR = YES;
				GCC_WARN_UNINITIALIZED_AUTOS = YES_AGGRESSIVE;
				GCC_WARN_UNUSED_FUNCTION = YES;
				GCC_WARN_UNUSED_VARIABLE = YES;
				IPHONEOS_DEPLOYMENT_TARGET = 10.3;
				MTL_ENABLE_DEBUG_INFO = YES;
				ONLY_ACTIVE_ARCH = YES;
				SDKROOT = iphoneos;
				SWIFT_ACTIVE_COMPILATION_CONDITIONS = DEBUG;
				SWIFT_OPTIMIZATION_LEVEL = "-Onone";
				TARGETED_DEVICE_FAMILY = "1,2";
			};
			name = Debug;
		};
		A16F65761F28924B0009A233 /* Release */ = {
			isa = XCBuildConfiguration;
			buildSettings = {
				ALWAYS_SEARCH_USER_PATHS = NO;
				CLANG_ANALYZER_NONNULL = YES;
				CLANG_ANALYZER_NUMBER_OBJECT_CONVERSION = YES_AGGRESSIVE;
				CLANG_CXX_LANGUAGE_STANDARD = "gnu++0x";
				CLANG_CXX_LIBRARY = "libc++";
				CLANG_ENABLE_MODULES = YES;
				CLANG_ENABLE_OBJC_ARC = YES;
				CLANG_WARN_BOOL_CONVERSION = YES;
				CLANG_WARN_CONSTANT_CONVERSION = YES;
				CLANG_WARN_DIRECT_OBJC_ISA_USAGE = YES_ERROR;
				CLANG_WARN_DOCUMENTATION_COMMENTS = YES;
				CLANG_WARN_EMPTY_BODY = YES;
				CLANG_WARN_ENUM_CONVERSION = YES;
				CLANG_WARN_INFINITE_RECURSION = YES;
				CLANG_WARN_INT_CONVERSION = YES;
				CLANG_WARN_OBJC_ROOT_CLASS = YES_ERROR;
				CLANG_WARN_SUSPICIOUS_MOVE = YES;
				CLANG_WARN_UNREACHABLE_CODE = YES;
				CLANG_WARN__DUPLICATE_METHOD_MATCH = YES;
				"CODE_SIGN_IDENTITY[sdk=iphoneos*]" = "iPhone Developer";
				COPY_PHASE_STRIP = NO;
				DEBUG_INFORMATION_FORMAT = "dwarf-with-dsym";
				ENABLE_NS_ASSERTIONS = NO;
				ENABLE_STRICT_OBJC_MSGSEND = YES;
				GCC_C_LANGUAGE_STANDARD = gnu99;
				GCC_NO_COMMON_BLOCKS = YES;
				GCC_WARN_64_TO_32_BIT_CONVERSION = YES;
				GCC_WARN_ABOUT_RETURN_TYPE = YES_ERROR;
				GCC_WARN_UNDECLARED_SELECTOR = YES;
				GCC_WARN_UNINITIALIZED_AUTOS = YES_AGGRESSIVE;
				GCC_WARN_UNUSED_FUNCTION = YES;
				GCC_WARN_UNUSED_VARIABLE = YES;
				IPHONEOS_DEPLOYMENT_TARGET = 10.3;
				MTL_ENABLE_DEBUG_INFO = NO;
				SDKROOT = iphoneos;
				SWIFT_OPTIMIZATION_LEVEL = "-Owholemodule";
				TARGETED_DEVICE_FAMILY = "1,2";
				VALIDATE_PRODUCT = YES;
			};
			name = Release;
		};
		A16F65781F28924B0009A233 /* Debug */ = {
			isa = XCBuildConfiguration;
			baseConfigurationReference = 5D4B9C5B87B1D5426D71D8EA /* Pods-RenderTest.debug.xcconfig */;
			buildSettings = {
				ASSETCATALOG_COMPILER_APPICON_NAME = AppIcon;
				DEVELOPMENT_TEAM = AK7DPF549M;
				INFOPLIST_FILE = RenderTest/Info.plist;
				LD_RUNPATH_SEARCH_PATHS = "$(inherited) @executable_path/Frameworks";
				PRODUCT_BUNDLE_IDENTIFIER = org.kisio.RenderTest;
				PRODUCT_NAME = "$(TARGET_NAME)";
				SWIFT_VERSION = 3.0;
			};
			name = Debug;
		};
		A16F65791F28924B0009A233 /* Release */ = {
			isa = XCBuildConfiguration;
			baseConfigurationReference = EA90B2DEB60A30D341B4A400 /* Pods-RenderTest.release.xcconfig */;
			buildSettings = {
				ASSETCATALOG_COMPILER_APPICON_NAME = AppIcon;
				DEVELOPMENT_TEAM = AK7DPF549M;
				INFOPLIST_FILE = RenderTest/Info.plist;
				LD_RUNPATH_SEARCH_PATHS = "$(inherited) @executable_path/Frameworks";
				PRODUCT_BUNDLE_IDENTIFIER = org.kisio.RenderTest;
				PRODUCT_NAME = "$(TARGET_NAME)";
				SWIFT_VERSION = 3.0;
			};
			name = Release;
		};
/* End XCBuildConfiguration section */

/* Begin XCConfigurationList section */
		A16F654A1F28924B0009A233 /* Build configuration list for PBXProject "RenderTest" */ = {
			isa = XCConfigurationList;
			buildConfigurations = (
				A16F65751F28924B0009A233 /* Debug */,
				A16F65761F28924B0009A233 /* Release */,
			);
			defaultConfigurationIsVisible = 0;
			defaultConfigurationName = Release;
		};
		A16F65771F28924B0009A233 /* Build configuration list for PBXNativeTarget "RenderTest" */ = {
			isa = XCConfigurationList;
			buildConfigurations = (
				A16F65781F28924B0009A233 /* Debug */,
				A16F65791F28924B0009A233 /* Release */,
			);
			defaultConfigurationIsVisible = 0;
			defaultConfigurationName = Release;
		};
/* End XCConfigurationList section */
	};
	rootObject = A16F65471F28924B0009A233 /* Project object */;
}
