// !$*UTF8*$!
{
	archiveVersion = 1;
	classes = {
	};
	objectVersion = 46;
	objects = {

/* Begin PBXBuildFile section */
		0B87F64B17BEF38868A49925 /* Pods_RenderTestTests.framework in Frameworks */ = {isa = PBXBuildFile; fileRef = 608B53C2D36D10804B512C88 /* Pods_RenderTestTests.framework */; };
		539B5D07D44A1ED2A696D629 /* Pods_RenderTestUITests.framework in Frameworks */ = {isa = PBXBuildFile; fileRef = 5BB69EB843897A145EE2B03D /* Pods_RenderTestUITests.framework */; };
		81E4DB8B441D859CB837099F /* Pods_RenderTest.framework in Frameworks */ = {isa = PBXBuildFile; fileRef = 424AD243D003A93CB77465AD /* Pods_RenderTest.framework */; };
		A103CE421F28D83E00715FAB /* JourneyFormComponent.swift in Sources */ = {isa = PBXBuildFile; fileRef = A103CE411F28D83E00715FAB /* JourneyFormComponent.swift */; };
		A103CE441F28D89E00715FAB /* DateTimeButtonComponent.swift in Sources */ = {isa = PBXBuildFile; fileRef = A103CE431F28D89E00715FAB /* DateTimeButtonComponent.swift */; };
		A103CE461F28DAFB00715FAB /* FormComponent.swift in Sources */ = {isa = PBXBuildFile; fileRef = A103CE451F28DAFB00715FAB /* FormComponent.swift */; };
		A103CE481F28DB7F00715FAB /* AutocompleteInputComponent.swift in Sources */ = {isa = PBXBuildFile; fileRef = A103CE471F28DB7F00715FAB /* AutocompleteInputComponent.swift */; };
		A103CE4A1F28DC9A00715FAB /* IconComponent.swift in Sources */ = {isa = PBXBuildFile; fileRef = A103CE491F28DC9A00715FAB /* IconComponent.swift */; };
		A103CE4C1F28DE3200715FAB /* TextComponent.swift in Sources */ = {isa = PBXBuildFile; fileRef = A103CE4B1F28DE3200715FAB /* TextComponent.swift */; };
		A103CE4E1F28E17D00715FAB /* SeparatorComponent.swift in Sources */ = {isa = PBXBuildFile; fileRef = A103CE4D1F28E17D00715FAB /* SeparatorComponent.swift */; };
		A103CE501F28EA1D00715FAB /* ListRow.swift in Sources */ = {isa = PBXBuildFile; fileRef = A103CE4F1F28EA1D00715FAB /* ListRow.swift */; };
		A103CE521F28ED6300715FAB /* ListViewComponent.swift in Sources */ = {isa = PBXBuildFile; fileRef = A103CE511F28ED6300715FAB /* ListViewComponent.swift */; };
		A103CE541F28EFE300715FAB /* JourneySolutionComponent.swift in Sources */ = {isa = PBXBuildFile; fileRef = A103CE531F28EFE300715FAB /* JourneySolutionComponent.swift */; };
		A103CE561F28F0E000715FAB /* JourneySolutionRowComponent.swift in Sources */ = {isa = PBXBuildFile; fileRef = A103CE551F28F0E000715FAB /* JourneySolutionRowComponent.swift */; };
		A103CE581F28F30B00715FAB /* JourneyRoadmapFriezeComponent.swift in Sources */ = {isa = PBXBuildFile; fileRef = A103CE571F28F30B00715FAB /* JourneyRoadmapFriezeComponent.swift */; };
		A103CE5C1F28F52300715FAB /* DurationComponent.swift in Sources */ = {isa = PBXBuildFile; fileRef = A103CE5B1F28F52300715FAB /* DurationComponent.swift */; };
		A1139F2E1F29DEEB00FD467A /* JourneySectionModeComponent.swift in Sources */ = {isa = PBXBuildFile; fileRef = A1139F2D1F29DEEB00FD467A /* JourneySectionModeComponent.swift */; };
		A1139F301F29E1FD00FD467A /* ModeComponent.swift in Sources */ = {isa = PBXBuildFile; fileRef = A1139F2F1F29E1FD00FD467A /* ModeComponent.swift */; };
		A1139F351F29E47900FD467A /* ViewComponent.swift in Sources */ = {isa = PBXBuildFile; fileRef = A1139F341F29E47900FD467A /* ViewComponent.swift */; };
		A1139F371F29E4A800FD467A /* ButtonComponent.swift in Sources */ = {isa = PBXBuildFile; fileRef = A1139F361F29E4A800FD467A /* ButtonComponent.swift */; };
		A1139F391F29E51900FD467A /* LabelComponent.swift in Sources */ = {isa = PBXBuildFile; fileRef = A1139F381F29E51900FD467A /* LabelComponent.swift */; };
		A16F65531F28924B0009A233 /* AppDelegate.swift in Sources */ = {isa = PBXBuildFile; fileRef = A16F65521F28924B0009A233 /* AppDelegate.swift */; };
		A16F65581F28924B0009A233 /* Main.storyboard in Resources */ = {isa = PBXBuildFile; fileRef = A16F65561F28924B0009A233 /* Main.storyboard */; };
		A16F655A1F28924B0009A233 /* Assets.xcassets in Resources */ = {isa = PBXBuildFile; fileRef = A16F65591F28924B0009A233 /* Assets.xcassets */; };
		A16F655D1F28924B0009A233 /* LaunchScreen.storyboard in Resources */ = {isa = PBXBuildFile; fileRef = A16F655B1F28924B0009A233 /* LaunchScreen.storyboard */; };
		A16F65681F28924B0009A233 /* RenderTestTests.swift in Sources */ = {isa = PBXBuildFile; fileRef = A16F65671F28924B0009A233 /* RenderTestTests.swift */; };
		A16F65731F28924B0009A233 /* RenderTestUITests.swift in Sources */ = {isa = PBXBuildFile; fileRef = A16F65721F28924B0009A233 /* RenderTestUITests.swift */; };
		A17F50D51F28BF7E00AF8F1C /* HomeController.swift in Sources */ = {isa = PBXBuildFile; fileRef = A17F50D31F28BF7E00AF8F1C /* HomeController.swift */; };
		A17F50D61F28BF7E00AF8F1C /* ViewController.swift in Sources */ = {isa = PBXBuildFile; fileRef = A17F50D41F28BF7E00AF8F1C /* ViewController.swift */; };
		A17F50D81F28BFD600AF8F1C /* BoxComponent.swift in Sources */ = {isa = PBXBuildFile; fileRef = A17F50D71F28BFD600AF8F1C /* BoxComponent.swift */; };
		A1A17AB81F28D168004B70FD /* JourneySolutionsScreen.swift in Sources */ = {isa = PBXBuildFile; fileRef = A1A17AB71F28D168004B70FD /* JourneySolutionsScreen.swift */; };
		A1A17ABA1F28D1FF004B70FD /* ContainerComponent.swift in Sources */ = {isa = PBXBuildFile; fileRef = A1A17AB91F28D1FF004B70FD /* ContainerComponent.swift */; };
/* End PBXBuildFile section */

/* Begin PBXContainerItemProxy section */
		A16F65641F28924B0009A233 /* PBXContainerItemProxy */ = {
			isa = PBXContainerItemProxy;
			containerPortal = A16F65471F28924B0009A233 /* Project object */;
			proxyType = 1;
			remoteGlobalIDString = A16F654E1F28924B0009A233;
			remoteInfo = RenderTest;
		};
		A16F656F1F28924B0009A233 /* PBXContainerItemProxy */ = {
			isa = PBXContainerItemProxy;
			containerPortal = A16F65471F28924B0009A233 /* Project object */;
			proxyType = 1;
			remoteGlobalIDString = A16F654E1F28924B0009A233;
			remoteInfo = RenderTest;
		};
/* End PBXContainerItemProxy section */

/* Begin PBXFileReference section */
		297D5EEE51BB7C2114698C1D /* Pods-RenderTestUITests.debug.xcconfig */ = {isa = PBXFileReference; includeInIndex = 1; lastKnownFileType = text.xcconfig; name = "Pods-RenderTestUITests.debug.xcconfig"; path = "Pods/Target Support Files/Pods-RenderTestUITests/Pods-RenderTestUITests.debug.xcconfig"; sourceTree = "<group>"; };
		424AD243D003A93CB77465AD /* Pods_RenderTest.framework */ = {isa = PBXFileReference; explicitFileType = wrapper.framework; includeInIndex = 0; path = Pods_RenderTest.framework; sourceTree = BUILT_PRODUCTS_DIR; };
		5BB69EB843897A145EE2B03D /* Pods_RenderTestUITests.framework */ = {isa = PBXFileReference; explicitFileType = wrapper.framework; includeInIndex = 0; path = Pods_RenderTestUITests.framework; sourceTree = BUILT_PRODUCTS_DIR; };
		5CABD5A48E3627AE50A7C042 /* Pods-RenderTestUITests.release.xcconfig */ = {isa = PBXFileReference; includeInIndex = 1; lastKnownFileType = text.xcconfig; name = "Pods-RenderTestUITests.release.xcconfig"; path = "Pods/Target Support Files/Pods-RenderTestUITests/Pods-RenderTestUITests.release.xcconfig"; sourceTree = "<group>"; };
		5D4B9C5B87B1D5426D71D8EA /* Pods-RenderTest.debug.xcconfig */ = {isa = PBXFileReference; includeInIndex = 1; lastKnownFileType = text.xcconfig; name = "Pods-RenderTest.debug.xcconfig"; path = "Pods/Target Support Files/Pods-RenderTest/Pods-RenderTest.debug.xcconfig"; sourceTree = "<group>"; };
		608B53C2D36D10804B512C88 /* Pods_RenderTestTests.framework */ = {isa = PBXFileReference; explicitFileType = wrapper.framework; includeInIndex = 0; path = Pods_RenderTestTests.framework; sourceTree = BUILT_PRODUCTS_DIR; };
		704AAAD801F330AA938336AD /* Pods-RenderTestTests.debug.xcconfig */ = {isa = PBXFileReference; includeInIndex = 1; lastKnownFileType = text.xcconfig; name = "Pods-RenderTestTests.debug.xcconfig"; path = "Pods/Target Support Files/Pods-RenderTestTests/Pods-RenderTestTests.debug.xcconfig"; sourceTree = "<group>"; };
		A103CE411F28D83E00715FAB /* JourneyFormComponent.swift */ = {isa = PBXFileReference; fileEncoding = 4; lastKnownFileType = sourcecode.swift; name = JourneyFormComponent.swift; path = Components/JourneyFormComponent.swift; sourceTree = "<group>"; };
		A103CE431F28D89E00715FAB /* DateTimeButtonComponent.swift */ = {isa = PBXFileReference; fileEncoding = 4; lastKnownFileType = sourcecode.swift; name = DateTimeButtonComponent.swift; path = Components/DateTimeButtonComponent.swift; sourceTree = "<group>"; };
		A103CE451F28DAFB00715FAB /* FormComponent.swift */ = {isa = PBXFileReference; fileEncoding = 4; lastKnownFileType = sourcecode.swift; name = FormComponent.swift; path = Components/FormComponent.swift; sourceTree = "<group>"; };
		A103CE471F28DB7F00715FAB /* AutocompleteInputComponent.swift */ = {isa = PBXFileReference; fileEncoding = 4; lastKnownFileType = sourcecode.swift; name = AutocompleteInputComponent.swift; path = Components/AutocompleteInputComponent.swift; sourceTree = "<group>"; };
		A103CE491F28DC9A00715FAB /* IconComponent.swift */ = {isa = PBXFileReference; fileEncoding = 4; lastKnownFileType = sourcecode.swift; name = IconComponent.swift; path = Components/IconComponent.swift; sourceTree = "<group>"; };
		A103CE4B1F28DE3200715FAB /* TextComponent.swift */ = {isa = PBXFileReference; fileEncoding = 4; lastKnownFileType = sourcecode.swift; name = TextComponent.swift; path = Components/TextComponent.swift; sourceTree = "<group>"; };
		A103CE4D1F28E17D00715FAB /* SeparatorComponent.swift */ = {isa = PBXFileReference; fileEncoding = 4; lastKnownFileType = sourcecode.swift; name = SeparatorComponent.swift; path = Components/SeparatorComponent.swift; sourceTree = "<group>"; };
		A103CE4F1F28EA1D00715FAB /* ListRow.swift */ = {isa = PBXFileReference; fileEncoding = 4; lastKnownFileType = sourcecode.swift; name = ListRow.swift; path = Components/ListRow.swift; sourceTree = "<group>"; };
		A103CE511F28ED6300715FAB /* ListViewComponent.swift */ = {isa = PBXFileReference; fileEncoding = 4; lastKnownFileType = sourcecode.swift; name = ListViewComponent.swift; path = Components/ListViewComponent.swift; sourceTree = "<group>"; };
		A103CE531F28EFE300715FAB /* JourneySolutionComponent.swift */ = {isa = PBXFileReference; fileEncoding = 4; lastKnownFileType = sourcecode.swift; name = JourneySolutionComponent.swift; path = Components/JourneySolutionComponent.swift; sourceTree = "<group>"; };
		A103CE551F28F0E000715FAB /* JourneySolutionRowComponent.swift */ = {isa = PBXFileReference; fileEncoding = 4; lastKnownFileType = sourcecode.swift; name = JourneySolutionRowComponent.swift; path = Components/JourneySolutionRowComponent.swift; sourceTree = "<group>"; };
		A103CE571F28F30B00715FAB /* JourneyRoadmapFriezeComponent.swift */ = {isa = PBXFileReference; fileEncoding = 4; lastKnownFileType = sourcecode.swift; name = JourneyRoadmapFriezeComponent.swift; path = Components/JourneyRoadmapFriezeComponent.swift; sourceTree = "<group>"; };
		A103CE5B1F28F52300715FAB /* DurationComponent.swift */ = {isa = PBXFileReference; fileEncoding = 4; lastKnownFileType = sourcecode.swift; name = DurationComponent.swift; path = Components/DurationComponent.swift; sourceTree = "<group>"; };
		A1139F2D1F29DEEB00FD467A /* JourneySectionModeComponent.swift */ = {isa = PBXFileReference; fileEncoding = 4; lastKnownFileType = sourcecode.swift; name = JourneySectionModeComponent.swift; path = Components/JourneySectionModeComponent.swift; sourceTree = "<group>"; };
		A1139F2F1F29E1FD00FD467A /* ModeComponent.swift */ = {isa = PBXFileReference; fileEncoding = 4; lastKnownFileType = sourcecode.swift; name = ModeComponent.swift; path = Components/ModeComponent.swift; sourceTree = "<group>"; };
		A1139F341F29E47900FD467A /* ViewComponent.swift */ = {isa = PBXFileReference; fileEncoding = 4; lastKnownFileType = sourcecode.swift; name = ViewComponent.swift; path = Components/Primitive/ViewComponent.swift; sourceTree = "<group>"; };
		A1139F361F29E4A800FD467A /* ButtonComponent.swift */ = {isa = PBXFileReference; fileEncoding = 4; lastKnownFileType = sourcecode.swift; name = ButtonComponent.swift; path = Components/Primitive/ButtonComponent.swift; sourceTree = "<group>"; };
		A1139F381F29E51900FD467A /* LabelComponent.swift */ = {isa = PBXFileReference; fileEncoding = 4; lastKnownFileType = sourcecode.swift; name = LabelComponent.swift; path = Components/Primitive/LabelComponent.swift; sourceTree = "<group>"; };
		A16F654F1F28924B0009A233 /* RenderTest.app */ = {isa = PBXFileReference; explicitFileType = wrapper.application; includeInIndex = 0; path = RenderTest.app; sourceTree = BUILT_PRODUCTS_DIR; };
		A16F65521F28924B0009A233 /* AppDelegate.swift */ = {isa = PBXFileReference; lastKnownFileType = sourcecode.swift; path = AppDelegate.swift; sourceTree = "<group>"; };
		A16F65571F28924B0009A233 /* Base */ = {isa = PBXFileReference; lastKnownFileType = file.storyboard; name = Base; path = Base.lproj/Main.storyboard; sourceTree = "<group>"; };
		A16F65591F28924B0009A233 /* Assets.xcassets */ = {isa = PBXFileReference; lastKnownFileType = folder.assetcatalog; path = Assets.xcassets; sourceTree = "<group>"; };
		A16F655C1F28924B0009A233 /* Base */ = {isa = PBXFileReference; lastKnownFileType = file.storyboard; name = Base; path = Base.lproj/LaunchScreen.storyboard; sourceTree = "<group>"; };
		A16F655E1F28924B0009A233 /* Info.plist */ = {isa = PBXFileReference; lastKnownFileType = text.plist.xml; path = Info.plist; sourceTree = "<group>"; };
		A16F65631F28924B0009A233 /* RenderTestTests.xctest */ = {isa = PBXFileReference; explicitFileType = wrapper.cfbundle; includeInIndex = 0; path = RenderTestTests.xctest; sourceTree = BUILT_PRODUCTS_DIR; };
		A16F65671F28924B0009A233 /* RenderTestTests.swift */ = {isa = PBXFileReference; lastKnownFileType = sourcecode.swift; path = RenderTestTests.swift; sourceTree = "<group>"; };
		A16F65691F28924B0009A233 /* Info.plist */ = {isa = PBXFileReference; lastKnownFileType = text.plist.xml; path = Info.plist; sourceTree = "<group>"; };
		A16F656E1F28924B0009A233 /* RenderTestUITests.xctest */ = {isa = PBXFileReference; explicitFileType = wrapper.cfbundle; includeInIndex = 0; path = RenderTestUITests.xctest; sourceTree = BUILT_PRODUCTS_DIR; };
		A16F65721F28924B0009A233 /* RenderTestUITests.swift */ = {isa = PBXFileReference; lastKnownFileType = sourcecode.swift; path = RenderTestUITests.swift; sourceTree = "<group>"; };
		A16F65741F28924B0009A233 /* Info.plist */ = {isa = PBXFileReference; lastKnownFileType = text.plist.xml; path = Info.plist; sourceTree = "<group>"; };
		A17F50D31F28BF7E00AF8F1C /* HomeController.swift */ = {isa = PBXFileReference; fileEncoding = 4; lastKnownFileType = sourcecode.swift; name = HomeController.swift; path = Controllers/HomeController.swift; sourceTree = "<group>"; };
		A17F50D41F28BF7E00AF8F1C /* ViewController.swift */ = {isa = PBXFileReference; fileEncoding = 4; lastKnownFileType = sourcecode.swift; name = ViewController.swift; path = Controllers/ViewController.swift; sourceTree = "<group>"; };
		A17F50D71F28BFD600AF8F1C /* BoxComponent.swift */ = {isa = PBXFileReference; fileEncoding = 4; lastKnownFileType = sourcecode.swift; name = BoxComponent.swift; path = Components/BoxComponent.swift; sourceTree = "<group>"; };
		A1A17AB71F28D168004B70FD /* JourneySolutionsScreen.swift */ = {isa = PBXFileReference; fileEncoding = 4; lastKnownFileType = sourcecode.swift; name = JourneySolutionsScreen.swift; path = Screens/JourneySolutionsScreen.swift; sourceTree = "<group>"; };
		A1A17AB91F28D1FF004B70FD /* ContainerComponent.swift */ = {isa = PBXFileReference; fileEncoding = 4; lastKnownFileType = sourcecode.swift; name = ContainerComponent.swift; path = Components/ContainerComponent.swift; sourceTree = "<group>"; };
		D852F41163B4D54EF4D82501 /* Pods-RenderTestTests.release.xcconfig */ = {isa = PBXFileReference; includeInIndex = 1; lastKnownFileType = text.xcconfig; name = "Pods-RenderTestTests.release.xcconfig"; path = "Pods/Target Support Files/Pods-RenderTestTests/Pods-RenderTestTests.release.xcconfig"; sourceTree = "<group>"; };
		EA90B2DEB60A30D341B4A400 /* Pods-RenderTest.release.xcconfig */ = {isa = PBXFileReference; includeInIndex = 1; lastKnownFileType = text.xcconfig; name = "Pods-RenderTest.release.xcconfig"; path = "Pods/Target Support Files/Pods-RenderTest/Pods-RenderTest.release.xcconfig"; sourceTree = "<group>"; };
/* End PBXFileReference section */

/* Begin PBXFrameworksBuildPhase section */
		A16F654C1F28924B0009A233 /* Frameworks */ = {
			isa = PBXFrameworksBuildPhase;
			buildActionMask = 2147483647;
			files = (
				81E4DB8B441D859CB837099F /* Pods_RenderTest.framework in Frameworks */,
			);
			runOnlyForDeploymentPostprocessing = 0;
		};
		A16F65601F28924B0009A233 /* Frameworks */ = {
			isa = PBXFrameworksBuildPhase;
			buildActionMask = 2147483647;
			files = (
				0B87F64B17BEF38868A49925 /* Pods_RenderTestTests.framework in Frameworks */,
			);
			runOnlyForDeploymentPostprocessing = 0;
		};
		A16F656B1F28924B0009A233 /* Frameworks */ = {
			isa = PBXFrameworksBuildPhase;
			buildActionMask = 2147483647;
			files = (
				539B5D07D44A1ED2A696D629 /* Pods_RenderTestUITests.framework in Frameworks */,
			);
			runOnlyForDeploymentPostprocessing = 0;
		};
/* End PBXFrameworksBuildPhase section */

/* Begin PBXGroup section */
		1DCFF2001B87A4E27292CCA2 /* Pods */ = {
			isa = PBXGroup;
			children = (
				5D4B9C5B87B1D5426D71D8EA /* Pods-RenderTest.debug.xcconfig */,
				EA90B2DEB60A30D341B4A400 /* Pods-RenderTest.release.xcconfig */,
				704AAAD801F330AA938336AD /* Pods-RenderTestTests.debug.xcconfig */,
				D852F41163B4D54EF4D82501 /* Pods-RenderTestTests.release.xcconfig */,
				297D5EEE51BB7C2114698C1D /* Pods-RenderTestUITests.debug.xcconfig */,
				5CABD5A48E3627AE50A7C042 /* Pods-RenderTestUITests.release.xcconfig */,
			);
			name = Pods;
			sourceTree = "<group>";
		};
		36881CC2D917FEEB7C8E50B6 /* Frameworks */ = {
			isa = PBXGroup;
			children = (
				424AD243D003A93CB77465AD /* Pods_RenderTest.framework */,
				608B53C2D36D10804B512C88 /* Pods_RenderTestTests.framework */,
				5BB69EB843897A145EE2B03D /* Pods_RenderTestUITests.framework */,
			);
			name = Frameworks;
			sourceTree = "<group>";
		};
		A1139F331F29E43C00FD467A /* Primitive */ = {
			isa = PBXGroup;
			children = (
				A1139F341F29E47900FD467A /* ViewComponent.swift */,
				A1139F361F29E4A800FD467A /* ButtonComponent.swift */,
				A1139F381F29E51900FD467A /* LabelComponent.swift */,
			);
			name = Primitive;
			sourceTree = "<group>";
		};
		A16F65461F28924B0009A233 = {
			isa = PBXGroup;
			children = (
				A16F65511F28924B0009A233 /* RenderTest */,
				A16F65661F28924B0009A233 /* RenderTestTests */,
				A16F65711F28924B0009A233 /* RenderTestUITests */,
				A16F65501F28924B0009A233 /* Products */,
				1DCFF2001B87A4E27292CCA2 /* Pods */,
				36881CC2D917FEEB7C8E50B6 /* Frameworks */,
			);
			sourceTree = "<group>";
		};
		A16F65501F28924B0009A233 /* Products */ = {
			isa = PBXGroup;
			children = (
				A16F654F1F28924B0009A233 /* RenderTest.app */,
				A16F65631F28924B0009A233 /* RenderTestTests.xctest */,
				A16F656E1F28924B0009A233 /* RenderTestUITests.xctest */,
			);
			name = Products;
			sourceTree = "<group>";
		};
		A16F65511F28924B0009A233 /* RenderTest */ = {
			isa = PBXGroup;
			children = (
				A183C2D41F289EE800BD0715 /* Screens */,
				A183C2D31F289EC000BD0715 /* Controllers */,
				A183C2D21F289EB000BD0715 /* Components */,
				A16F65521F28924B0009A233 /* AppDelegate.swift */,
				A16F65561F28924B0009A233 /* Main.storyboard */,
				A16F65591F28924B0009A233 /* Assets.xcassets */,
				A16F655B1F28924B0009A233 /* LaunchScreen.storyboard */,
				A16F655E1F28924B0009A233 /* Info.plist */,
			);
			path = RenderTest;
			sourceTree = "<group>";
		};
		A16F65661F28924B0009A233 /* RenderTestTests */ = {
			isa = PBXGroup;
			children = (
				A16F65671F28924B0009A233 /* RenderTestTests.swift */,
				A16F65691F28924B0009A233 /* Info.plist */,
			);
			path = RenderTestTests;
			sourceTree = "<group>";
		};
		A16F65711F28924B0009A233 /* RenderTestUITests */ = {
			isa = PBXGroup;
			children = (
				A16F65721F28924B0009A233 /* RenderTestUITests.swift */,
				A16F65741F28924B0009A233 /* Info.plist */,
			);
			path = RenderTestUITests;
			sourceTree = "<group>";
		};
		A183C2D21F289EB000BD0715 /* Components */ = {
			isa = PBXGroup;
			children = (
				A1139F331F29E43C00FD467A /* Primitive */,
				A17F50D71F28BFD600AF8F1C /* BoxComponent.swift */,
				A1A17AB91F28D1FF004B70FD /* ContainerComponent.swift */,
				A103CE411F28D83E00715FAB /* JourneyFormComponent.swift */,
				A103CE431F28D89E00715FAB /* DateTimeButtonComponent.swift */,
				A103CE451F28DAFB00715FAB /* FormComponent.swift */,
				A103CE471F28DB7F00715FAB /* AutocompleteInputComponent.swift */,
				A103CE491F28DC9A00715FAB /* IconComponent.swift */,
				A103CE4B1F28DE3200715FAB /* TextComponent.swift */,
				A103CE4D1F28E17D00715FAB /* SeparatorComponent.swift */,
				A103CE4F1F28EA1D00715FAB /* ListRow.swift */,
				A103CE511F28ED6300715FAB /* ListViewComponent.swift */,
				A103CE531F28EFE300715FAB /* JourneySolutionComponent.swift */,
				A103CE551F28F0E000715FAB /* JourneySolutionRowComponent.swift */,
				A103CE571F28F30B00715FAB /* JourneyRoadmapFriezeComponent.swift */,
				A103CE5B1F28F52300715FAB /* DurationComponent.swift */,
				A1139F2D1F29DEEB00FD467A /* JourneySectionModeComponent.swift */,
				A1139F2F1F29E1FD00FD467A /* ModeComponent.swift */,
			);
			name = Components;
			sourceTree = "<group>";
		};
		A183C2D31F289EC000BD0715 /* Controllers */ = {
			isa = PBXGroup;
			children = (
				A17F50D31F28BF7E00AF8F1C /* HomeController.swift */,
				A17F50D41F28BF7E00AF8F1C /* ViewController.swift */,
			);
			name = Controllers;
			sourceTree = "<group>";
		};
		A183C2D41F289EE800BD0715 /* Screens */ = {
			isa = PBXGroup;
			children = (
				A1A17AB71F28D168004B70FD /* JourneySolutionsScreen.swift */,
			);
			name = Screens;
			sourceTree = "<group>";
		};
/* End PBXGroup section */

/* Begin PBXNativeTarget section */
		A16F654E1F28924B0009A233 /* RenderTest */ = {
			isa = PBXNativeTarget;
			buildConfigurationList = A16F65771F28924B0009A233 /* Build configuration list for PBXNativeTarget "RenderTest" */;
			buildPhases = (
				B7776973A395DE36929489C5 /* [CP] Check Pods Manifest.lock */,
				A16F654B1F28924B0009A233 /* Sources */,
				A16F654C1F28924B0009A233 /* Frameworks */,
				A16F654D1F28924B0009A233 /* Resources */,
				ABDC08D68D279861CC0D8B02 /* [CP] Embed Pods Frameworks */,
				9E6F34342321FAC05054C58D /* [CP] Copy Pods Resources */,
			);
			buildRules = (
			);
			dependencies = (
			);
			name = RenderTest;
			productName = RenderTest;
			productReference = A16F654F1F28924B0009A233 /* RenderTest.app */;
			productType = "com.apple.product-type.application";
		};
		A16F65621F28924B0009A233 /* RenderTestTests */ = {
			isa = PBXNativeTarget;
			buildConfigurationList = A16F657A1F28924B0009A233 /* Build configuration list for PBXNativeTarget "RenderTestTests" */;
			buildPhases = (
				CEBFEF27F383DCAB61C2C0CB /* [CP] Check Pods Manifest.lock */,
				A16F655F1F28924B0009A233 /* Sources */,
				A16F65601F28924B0009A233 /* Frameworks */,
				A16F65611F28924B0009A233 /* Resources */,
				B3D70DE3674C6BCB913AAA20 /* [CP] Embed Pods Frameworks */,
				C3EB80546660412BCBA7FCCC /* [CP] Copy Pods Resources */,
			);
			buildRules = (
			);
			dependencies = (
				A16F65651F28924B0009A233 /* PBXTargetDependency */,
			);
			name = RenderTestTests;
			productName = RenderTestTests;
			productReference = A16F65631F28924B0009A233 /* RenderTestTests.xctest */;
			productType = "com.apple.product-type.bundle.unit-test";
		};
		A16F656D1F28924B0009A233 /* RenderTestUITests */ = {
			isa = PBXNativeTarget;
			buildConfigurationList = A16F657D1F28924B0009A233 /* Build configuration list for PBXNativeTarget "RenderTestUITests" */;
			buildPhases = (
				E09B0581C46CF18755EEE2FF /* [CP] Check Pods Manifest.lock */,
				A16F656A1F28924B0009A233 /* Sources */,
				A16F656B1F28924B0009A233 /* Frameworks */,
				A16F656C1F28924B0009A233 /* Resources */,
				6D20E43704D34AF2A4FFFBEE /* [CP] Embed Pods Frameworks */,
				2D9700D2C9D025DD50F651E3 /* [CP] Copy Pods Resources */,
			);
			buildRules = (
			);
			dependencies = (
				A16F65701F28924B0009A233 /* PBXTargetDependency */,
			);
			name = RenderTestUITests;
			productName = RenderTestUITests;
			productReference = A16F656E1F28924B0009A233 /* RenderTestUITests.xctest */;
			productType = "com.apple.product-type.bundle.ui-testing";
		};
/* End PBXNativeTarget section */

/* Begin PBXProject section */
		A16F65471F28924B0009A233 /* Project object */ = {
			isa = PBXProject;
			attributes = {
				LastSwiftUpdateCheck = 0830;
				LastUpgradeCheck = 0830;
				ORGANIZATIONNAME = Kisio;
				TargetAttributes = {
					A16F654E1F28924B0009A233 = {
						CreatedOnToolsVersion = 8.3.3;
						DevelopmentTeam = AK7DPF549M;
						ProvisioningStyle = Automatic;
					};
					A16F65621F28924B0009A233 = {
						CreatedOnToolsVersion = 8.3.3;
						DevelopmentTeam = AK7DPF549M;
						ProvisioningStyle = Automatic;
						TestTargetID = A16F654E1F28924B0009A233;
					};
					A16F656D1F28924B0009A233 = {
						CreatedOnToolsVersion = 8.3.3;
						DevelopmentTeam = AK7DPF549M;
						ProvisioningStyle = Automatic;
						TestTargetID = A16F654E1F28924B0009A233;
					};
				};
			};
			buildConfigurationList = A16F654A1F28924B0009A233 /* Build configuration list for PBXProject "RenderTest" */;
			compatibilityVersion = "Xcode 3.2";
			developmentRegion = English;
			hasScannedForEncodings = 0;
			knownRegions = (
				en,
				Base,
			);
			mainGroup = A16F65461F28924B0009A233;
			productRefGroup = A16F65501F28924B0009A233 /* Products */;
			projectDirPath = "";
			projectRoot = "";
			targets = (
				A16F654E1F28924B0009A233 /* RenderTest */,
				A16F65621F28924B0009A233 /* RenderTestTests */,
				A16F656D1F28924B0009A233 /* RenderTestUITests */,
			);
		};
/* End PBXProject section */

/* Begin PBXResourcesBuildPhase section */
		A16F654D1F28924B0009A233 /* Resources */ = {
			isa = PBXResourcesBuildPhase;
			buildActionMask = 2147483647;
			files = (
				A16F655D1F28924B0009A233 /* LaunchScreen.storyboard in Resources */,
				A16F655A1F28924B0009A233 /* Assets.xcassets in Resources */,
				A16F65581F28924B0009A233 /* Main.storyboard in Resources */,
			);
			runOnlyForDeploymentPostprocessing = 0;
		};
		A16F65611F28924B0009A233 /* Resources */ = {
			isa = PBXResourcesBuildPhase;
			buildActionMask = 2147483647;
			files = (
			);
			runOnlyForDeploymentPostprocessing = 0;
		};
		A16F656C1F28924B0009A233 /* Resources */ = {
			isa = PBXResourcesBuildPhase;
			buildActionMask = 2147483647;
			files = (
			);
			runOnlyForDeploymentPostprocessing = 0;
		};
/* End PBXResourcesBuildPhase section */

/* Begin PBXShellScriptBuildPhase section */
		2D9700D2C9D025DD50F651E3 /* [CP] Copy Pods Resources */ = {
			isa = PBXShellScriptBuildPhase;
			buildActionMask = 2147483647;
			files = (
			);
			inputPaths = (
			);
			name = "[CP] Copy Pods Resources";
			outputPaths = (
			);
			runOnlyForDeploymentPostprocessing = 0;
			shellPath = /bin/sh;
			shellScript = "\"${SRCROOT}/Pods/Target Support Files/Pods-RenderTestUITests/Pods-RenderTestUITests-resources.sh\"\n";
			showEnvVarsInLog = 0;
		};
		6D20E43704D34AF2A4FFFBEE /* [CP] Embed Pods Frameworks */ = {
			isa = PBXShellScriptBuildPhase;
			buildActionMask = 2147483647;
			files = (
			);
			inputPaths = (
			);
			name = "[CP] Embed Pods Frameworks";
			outputPaths = (
			);
			runOnlyForDeploymentPostprocessing = 0;
			shellPath = /bin/sh;
			shellScript = "\"${SRCROOT}/Pods/Target Support Files/Pods-RenderTestUITests/Pods-RenderTestUITests-frameworks.sh\"\n";
			showEnvVarsInLog = 0;
		};
		9E6F34342321FAC05054C58D /* [CP] Copy Pods Resources */ = {
			isa = PBXShellScriptBuildPhase;
			buildActionMask = 2147483647;
			files = (
			);
			inputPaths = (
			);
			name = "[CP] Copy Pods Resources";
			outputPaths = (
			);
			runOnlyForDeploymentPostprocessing = 0;
			shellPath = /bin/sh;
			shellScript = "\"${SRCROOT}/Pods/Target Support Files/Pods-RenderTest/Pods-RenderTest-resources.sh\"\n";
			showEnvVarsInLog = 0;
		};
		ABDC08D68D279861CC0D8B02 /* [CP] Embed Pods Frameworks */ = {
			isa = PBXShellScriptBuildPhase;
			buildActionMask = 2147483647;
			files = (
			);
			inputPaths = (
			);
			name = "[CP] Embed Pods Frameworks";
			outputPaths = (
			);
			runOnlyForDeploymentPostprocessing = 0;
			shellPath = /bin/sh;
			shellScript = "\"${SRCROOT}/Pods/Target Support Files/Pods-RenderTest/Pods-RenderTest-frameworks.sh\"\n";
			showEnvVarsInLog = 0;
		};
		B3D70DE3674C6BCB913AAA20 /* [CP] Embed Pods Frameworks */ = {
			isa = PBXShellScriptBuildPhase;
			buildActionMask = 2147483647;
			files = (
			);
			inputPaths = (
			);
			name = "[CP] Embed Pods Frameworks";
			outputPaths = (
			);
			runOnlyForDeploymentPostprocessing = 0;
			shellPath = /bin/sh;
			shellScript = "\"${SRCROOT}/Pods/Target Support Files/Pods-RenderTestTests/Pods-RenderTestTests-frameworks.sh\"\n";
			showEnvVarsInLog = 0;
		};
		B7776973A395DE36929489C5 /* [CP] Check Pods Manifest.lock */ = {
			isa = PBXShellScriptBuildPhase;
			buildActionMask = 2147483647;
			files = (
			);
			inputPaths = (
			);
			name = "[CP] Check Pods Manifest.lock";
			outputPaths = (
			);
			runOnlyForDeploymentPostprocessing = 0;
			shellPath = /bin/sh;
			shellScript = "diff \"${PODS_ROOT}/../Podfile.lock\" \"${PODS_ROOT}/Manifest.lock\" > /dev/null\nif [ $? != 0 ] ; then\n    # print error to STDERR\n    echo \"error: The sandbox is not in sync with the Podfile.lock. Run 'pod install' or update your CocoaPods installation.\" >&2\n    exit 1\nfi\n";
			showEnvVarsInLog = 0;
		};
		C3EB80546660412BCBA7FCCC /* [CP] Copy Pods Resources */ = {
			isa = PBXShellScriptBuildPhase;
			buildActionMask = 2147483647;
			files = (
			);
			inputPaths = (
			);
			name = "[CP] Copy Pods Resources";
			outputPaths = (
			);
			runOnlyForDeploymentPostprocessing = 0;
			shellPath = /bin/sh;
			shellScript = "\"${SRCROOT}/Pods/Target Support Files/Pods-RenderTestTests/Pods-RenderTestTests-resources.sh\"\n";
			showEnvVarsInLog = 0;
		};
		CEBFEF27F383DCAB61C2C0CB /* [CP] Check Pods Manifest.lock */ = {
			isa = PBXShellScriptBuildPhase;
			buildActionMask = 2147483647;
			files = (
			);
			inputPaths = (
			);
			name = "[CP] Check Pods Manifest.lock";
			outputPaths = (
			);
			runOnlyForDeploymentPostprocessing = 0;
			shellPath = /bin/sh;
			shellScript = "diff \"${PODS_ROOT}/../Podfile.lock\" \"${PODS_ROOT}/Manifest.lock\" > /dev/null\nif [ $? != 0 ] ; then\n    # print error to STDERR\n    echo \"error: The sandbox is not in sync with the Podfile.lock. Run 'pod install' or update your CocoaPods installation.\" >&2\n    exit 1\nfi\n";
			showEnvVarsInLog = 0;
		};
		E09B0581C46CF18755EEE2FF /* [CP] Check Pods Manifest.lock */ = {
			isa = PBXShellScriptBuildPhase;
			buildActionMask = 2147483647;
			files = (
			);
			inputPaths = (
			);
			name = "[CP] Check Pods Manifest.lock";
			outputPaths = (
			);
			runOnlyForDeploymentPostprocessing = 0;
			shellPath = /bin/sh;
			shellScript = "diff \"${PODS_ROOT}/../Podfile.lock\" \"${PODS_ROOT}/Manifest.lock\" > /dev/null\nif [ $? != 0 ] ; then\n    # print error to STDERR\n    echo \"error: The sandbox is not in sync with the Podfile.lock. Run 'pod install' or update your CocoaPods installation.\" >&2\n    exit 1\nfi\n";
			showEnvVarsInLog = 0;
		};
/* End PBXShellScriptBuildPhase section */

/* Begin PBXSourcesBuildPhase section */
		A16F654B1F28924B0009A233 /* Sources */ = {
			isa = PBXSourcesBuildPhase;
			buildActionMask = 2147483647;
			files = (
				A17F50D81F28BFD600AF8F1C /* BoxComponent.swift in Sources */,
				A1139F2E1F29DEEB00FD467A /* JourneySectionModeComponent.swift in Sources */,
				A1139F391F29E51900FD467A /* LabelComponent.swift in Sources */,
				A1A17AB81F28D168004B70FD /* JourneySolutionsScreen.swift in Sources */,
				A103CE461F28DAFB00715FAB /* FormComponent.swift in Sources */,
				A103CE481F28DB7F00715FAB /* AutocompleteInputComponent.swift in Sources */,
				A16F65531F28924B0009A233 /* AppDelegate.swift in Sources */,
				A103CE441F28D89E00715FAB /* DateTimeButtonComponent.swift in Sources */,
				A103CE5C1F28F52300715FAB /* DurationComponent.swift in Sources */,
				A103CE4C1F28DE3200715FAB /* TextComponent.swift in Sources */,
				A103CE421F28D83E00715FAB /* JourneyFormComponent.swift in Sources */,
				A1139F351F29E47900FD467A /* ViewComponent.swift in Sources */,
				A103CE581F28F30B00715FAB /* JourneyRoadmapFriezeComponent.swift in Sources */,
				A1139F301F29E1FD00FD467A /* ModeComponent.swift in Sources */,
				A1A17ABA1F28D1FF004B70FD /* ContainerComponent.swift in Sources */,
				A103CE541F28EFE300715FAB /* JourneySolutionComponent.swift in Sources */,
				A1139F371F29E4A800FD467A /* ButtonComponent.swift in Sources */,
				A17F50D61F28BF7E00AF8F1C /* ViewController.swift in Sources */,
				A103CE561F28F0E000715FAB /* JourneySolutionRowComponent.swift in Sources */,
				A103CE4A1F28DC9A00715FAB /* IconComponent.swift in Sources */,
				A103CE521F28ED6300715FAB /* ListViewComponent.swift in Sources */,
				A17F50D51F28BF7E00AF8F1C /* HomeController.swift in Sources */,
				A103CE4E1F28E17D00715FAB /* SeparatorComponent.swift in Sources */,
				A103CE501F28EA1D00715FAB /* ListRow.swift in Sources */,
			);
			runOnlyForDeploymentPostprocessing = 0;
		};
		A16F655F1F28924B0009A233 /* Sources */ = {
			isa = PBXSourcesBuildPhase;
			buildActionMask = 2147483647;
			files = (
				A16F65681F28924B0009A233 /* RenderTestTests.swift in Sources */,
			);
			runOnlyForDeploymentPostprocessing = 0;
		};
		A16F656A1F28924B0009A233 /* Sources */ = {
			isa = PBXSourcesBuildPhase;
			buildActionMask = 2147483647;
			files = (
				A16F65731F28924B0009A233 /* RenderTestUITests.swift in Sources */,
			);
			runOnlyForDeploymentPostprocessing = 0;
		};
/* End PBXSourcesBuildPhase section */

/* Begin PBXTargetDependency section */
		A16F65651F28924B0009A233 /* PBXTargetDependency */ = {
			isa = PBXTargetDependency;
			target = A16F654E1F28924B0009A233 /* RenderTest */;
			targetProxy = A16F65641F28924B0009A233 /* PBXContainerItemProxy */;
		};
		A16F65701F28924B0009A233 /* PBXTargetDependency */ = {
			isa = PBXTargetDependency;
			target = A16F654E1F28924B0009A233 /* RenderTest */;
			targetProxy = A16F656F1F28924B0009A233 /* PBXContainerItemProxy */;
		};
/* End PBXTargetDependency section */

/* Begin PBXVariantGroup section */
		A16F65561F28924B0009A233 /* Main.storyboard */ = {
			isa = PBXVariantGroup;
			children = (
				A16F65571F28924B0009A233 /* Base */,
			);
			name = Main.storyboard;
			sourceTree = "<group>";
		};
		A16F655B1F28924B0009A233 /* LaunchScreen.storyboard */ = {
			isa = PBXVariantGroup;
			children = (
				A16F655C1F28924B0009A233 /* Base */,
			);
			name = LaunchScreen.storyboard;
			sourceTree = "<group>";
		};
/* End PBXVariantGroup section */

/* Begin XCBuildConfiguration section */
		A16F65751F28924B0009A233 /* Debug */ = {
			isa = XCBuildConfiguration;
			buildSettings = {
				ALWAYS_SEARCH_USER_PATHS = NO;
				CLANG_ANALYZER_NONNULL = YES;
				CLANG_ANALYZER_NUMBER_OBJECT_CONVERSION = YES_AGGRESSIVE;
				CLANG_CXX_LANGUAGE_STANDARD = "gnu++0x";
				CLANG_CXX_LIBRARY = "libc++";
				CLANG_ENABLE_MODULES = YES;
				CLANG_ENABLE_OBJC_ARC = YES;
				CLANG_WARN_BOOL_CONVERSION = YES;
				CLANG_WARN_CONSTANT_CONVERSION = YES;
				CLANG_WARN_DIRECT_OBJC_ISA_USAGE = YES_ERROR;
				CLANG_WARN_DOCUMENTATION_COMMENTS = YES;
				CLANG_WARN_EMPTY_BODY = YES;
				CLANG_WARN_ENUM_CONVERSION = YES;
				CLANG_WARN_INFINITE_RECURSION = YES;
				CLANG_WARN_INT_CONVERSION = YES;
				CLANG_WARN_OBJC_ROOT_CLASS = YES_ERROR;
				CLANG_WARN_SUSPICIOUS_MOVE = YES;
				CLANG_WARN_UNREACHABLE_CODE = YES;
				CLANG_WARN__DUPLICATE_METHOD_MATCH = YES;
				"CODE_SIGN_IDENTITY[sdk=iphoneos*]" = "iPhone Developer";
				COPY_PHASE_STRIP = NO;
				DEBUG_INFORMATION_FORMAT = dwarf;
				ENABLE_STRICT_OBJC_MSGSEND = YES;
				ENABLE_TESTABILITY = YES;
				GCC_C_LANGUAGE_STANDARD = gnu99;
				GCC_DYNAMIC_NO_PIC = NO;
				GCC_NO_COMMON_BLOCKS = YES;
				GCC_OPTIMIZATION_LEVEL = 0;
				GCC_PREPROCESSOR_DEFINITIONS = (
					"DEBUG=1",
					"$(inherited)",
				);
				GCC_WARN_64_TO_32_BIT_CONVERSION = YES;
				GCC_WARN_ABOUT_RETURN_TYPE = YES_ERROR;
				GCC_WARN_UNDECLARED_SELECTOR = YES;
				GCC_WARN_UNINITIALIZED_AUTOS = YES_AGGRESSIVE;
				GCC_WARN_UNUSED_FUNCTION = YES;
				GCC_WARN_UNUSED_VARIABLE = YES;
				IPHONEOS_DEPLOYMENT_TARGET = 10.3;
				MTL_ENABLE_DEBUG_INFO = YES;
				ONLY_ACTIVE_ARCH = YES;
				SDKROOT = iphoneos;
				SWIFT_ACTIVE_COMPILATION_CONDITIONS = DEBUG;
				SWIFT_OPTIMIZATION_LEVEL = "-Onone";
				TARGETED_DEVICE_FAMILY = "1,2";
			};
			name = Debug;
		};
		A16F65761F28924B0009A233 /* Release */ = {
			isa = XCBuildConfiguration;
			buildSettings = {
				ALWAYS_SEARCH_USER_PATHS = NO;
				CLANG_ANALYZER_NONNULL = YES;
				CLANG_ANALYZER_NUMBER_OBJECT_CONVERSION = YES_AGGRESSIVE;
				CLANG_CXX_LANGUAGE_STANDARD = "gnu++0x";
				CLANG_CXX_LIBRARY = "libc++";
				CLANG_ENABLE_MODULES = YES;
				CLANG_ENABLE_OBJC_ARC = YES;
				CLANG_WARN_BOOL_CONVERSION = YES;
				CLANG_WARN_CONSTANT_CONVERSION = YES;
				CLANG_WARN_DIRECT_OBJC_ISA_USAGE = YES_ERROR;
				CLANG_WARN_DOCUMENTATION_COMMENTS = YES;
				CLANG_WARN_EMPTY_BODY = YES;
				CLANG_WARN_ENUM_CONVERSION = YES;
				CLANG_WARN_INFINITE_RECURSION = YES;
				CLANG_WARN_INT_CONVERSION = YES;
				CLANG_WARN_OBJC_ROOT_CLASS = YES_ERROR;
				CLANG_WARN_SUSPICIOUS_MOVE = YES;
				CLANG_WARN_UNREACHABLE_CODE = YES;
				CLANG_WARN__DUPLICATE_METHOD_MATCH = YES;
				"CODE_SIGN_IDENTITY[sdk=iphoneos*]" = "iPhone Developer";
				COPY_PHASE_STRIP = NO;
				DEBUG_INFORMATION_FORMAT = "dwarf-with-dsym";
				ENABLE_NS_ASSERTIONS = NO;
				ENABLE_STRICT_OBJC_MSGSEND = YES;
				GCC_C_LANGUAGE_STANDARD = gnu99;
				GCC_NO_COMMON_BLOCKS = YES;
				GCC_WARN_64_TO_32_BIT_CONVERSION = YES;
				GCC_WARN_ABOUT_RETURN_TYPE = YES_ERROR;
				GCC_WARN_UNDECLARED_SELECTOR = YES;
				GCC_WARN_UNINITIALIZED_AUTOS = YES_AGGRESSIVE;
				GCC_WARN_UNUSED_FUNCTION = YES;
				GCC_WARN_UNUSED_VARIABLE = YES;
				IPHONEOS_DEPLOYMENT_TARGET = 10.3;
				MTL_ENABLE_DEBUG_INFO = NO;
				SDKROOT = iphoneos;
				SWIFT_OPTIMIZATION_LEVEL = "-Owholemodule";
				TARGETED_DEVICE_FAMILY = "1,2";
				VALIDATE_PRODUCT = YES;
			};
			name = Release;
		};
		A16F65781F28924B0009A233 /* Debug */ = {
			isa = XCBuildConfiguration;
			baseConfigurationReference = 5D4B9C5B87B1D5426D71D8EA /* Pods-RenderTest.debug.xcconfig */;
			buildSettings = {
				ASSETCATALOG_COMPILER_APPICON_NAME = AppIcon;
				DEVELOPMENT_TEAM = AK7DPF549M;
				INFOPLIST_FILE = RenderTest/Info.plist;
				LD_RUNPATH_SEARCH_PATHS = "$(inherited) @executable_path/Frameworks";
				PRODUCT_BUNDLE_IDENTIFIER = org.kisio.RenderTest;
				PRODUCT_NAME = "$(TARGET_NAME)";
				SWIFT_VERSION = 3.0;
			};
			name = Debug;
		};
		A16F65791F28924B0009A233 /* Release */ = {
			isa = XCBuildConfiguration;
			baseConfigurationReference = EA90B2DEB60A30D341B4A400 /* Pods-RenderTest.release.xcconfig */;
			buildSettings = {
				ASSETCATALOG_COMPILER_APPICON_NAME = AppIcon;
				DEVELOPMENT_TEAM = AK7DPF549M;
				INFOPLIST_FILE = RenderTest/Info.plist;
				LD_RUNPATH_SEARCH_PATHS = "$(inherited) @executable_path/Frameworks";
				PRODUCT_BUNDLE_IDENTIFIER = org.kisio.RenderTest;
				PRODUCT_NAME = "$(TARGET_NAME)";
				SWIFT_VERSION = 3.0;
			};
			name = Release;
		};
		A16F657B1F28924B0009A233 /* Debug */ = {
			isa = XCBuildConfiguration;
			baseConfigurationReference = 704AAAD801F330AA938336AD /* Pods-RenderTestTests.debug.xcconfig */;
			buildSettings = {
				ALWAYS_EMBED_SWIFT_STANDARD_LIBRARIES = YES;
				BUNDLE_LOADER = "$(TEST_HOST)";
				DEVELOPMENT_TEAM = AK7DPF549M;
				INFOPLIST_FILE = RenderTestTests/Info.plist;
				LD_RUNPATH_SEARCH_PATHS = "$(inherited) @executable_path/Frameworks @loader_path/Frameworks";
				PRODUCT_BUNDLE_IDENTIFIER = org.kisio.RenderTestTests;
				PRODUCT_NAME = "$(TARGET_NAME)";
				SWIFT_VERSION = 3.0;
				TEST_HOST = "$(BUILT_PRODUCTS_DIR)/RenderTest.app/RenderTest";
			};
			name = Debug;
		};
		A16F657C1F28924B0009A233 /* Release */ = {
			isa = XCBuildConfiguration;
			baseConfigurationReference = D852F41163B4D54EF4D82501 /* Pods-RenderTestTests.release.xcconfig */;
			buildSettings = {
				ALWAYS_EMBED_SWIFT_STANDARD_LIBRARIES = YES;
				BUNDLE_LOADER = "$(TEST_HOST)";
				DEVELOPMENT_TEAM = AK7DPF549M;
				INFOPLIST_FILE = RenderTestTests/Info.plist;
				LD_RUNPATH_SEARCH_PATHS = "$(inherited) @executable_path/Frameworks @loader_path/Frameworks";
				PRODUCT_BUNDLE_IDENTIFIER = org.kisio.RenderTestTests;
				PRODUCT_NAME = "$(TARGET_NAME)";
				SWIFT_VERSION = 3.0;
				TEST_HOST = "$(BUILT_PRODUCTS_DIR)/RenderTest.app/RenderTest";
			};
			name = Release;
		};
		A16F657E1F28924B0009A233 /* Debug */ = {
			isa = XCBuildConfiguration;
			baseConfigurationReference = 297D5EEE51BB7C2114698C1D /* Pods-RenderTestUITests.debug.xcconfig */;
			buildSettings = {
				ALWAYS_EMBED_SWIFT_STANDARD_LIBRARIES = YES;
				DEVELOPMENT_TEAM = AK7DPF549M;
				INFOPLIST_FILE = RenderTestUITests/Info.plist;
				LD_RUNPATH_SEARCH_PATHS = "$(inherited) @executable_path/Frameworks @loader_path/Frameworks";
				PRODUCT_BUNDLE_IDENTIFIER = org.kisio.RenderTestUITests;
				PRODUCT_NAME = "$(TARGET_NAME)";
				SWIFT_VERSION = 3.0;
				TEST_TARGET_NAME = RenderTest;
			};
			name = Debug;
		};
		A16F657F1F28924B0009A233 /* Release */ = {
			isa = XCBuildConfiguration;
			baseConfigurationReference = 5CABD5A48E3627AE50A7C042 /* Pods-RenderTestUITests.release.xcconfig */;
			buildSettings = {
				ALWAYS_EMBED_SWIFT_STANDARD_LIBRARIES = YES;
				DEVELOPMENT_TEAM = AK7DPF549M;
				INFOPLIST_FILE = RenderTestUITests/Info.plist;
				LD_RUNPATH_SEARCH_PATHS = "$(inherited) @executable_path/Frameworks @loader_path/Frameworks";
				PRODUCT_BUNDLE_IDENTIFIER = org.kisio.RenderTestUITests;
				PRODUCT_NAME = "$(TARGET_NAME)";
				SWIFT_VERSION = 3.0;
				TEST_TARGET_NAME = RenderTest;
			};
			name = Release;
		};
/* End XCBuildConfiguration section */

/* Begin XCConfigurationList section */
		A16F654A1F28924B0009A233 /* Build configuration list for PBXProject "RenderTest" */ = {
			isa = XCConfigurationList;
			buildConfigurations = (
				A16F65751F28924B0009A233 /* Debug */,
				A16F65761F28924B0009A233 /* Release */,
			);
			defaultConfigurationIsVisible = 0;
			defaultConfigurationName = Release;
		};
		A16F65771F28924B0009A233 /* Build configuration list for PBXNativeTarget "RenderTest" */ = {
			isa = XCConfigurationList;
			buildConfigurations = (
				A16F65781F28924B0009A233 /* Debug */,
				A16F65791F28924B0009A233 /* Release */,
			);
			defaultConfigurationIsVisible = 0;
			defaultConfigurationName = Release;
		};
		A16F657A1F28924B0009A233 /* Build configuration list for PBXNativeTarget "RenderTestTests" */ = {
			isa = XCConfigurationList;
			buildConfigurations = (
				A16F657B1F28924B0009A233 /* Debug */,
				A16F657C1F28924B0009A233 /* Release */,
			);
			defaultConfigurationIsVisible = 0;
			defaultConfigurationName = Release;
		};
		A16F657D1F28924B0009A233 /* Build configuration list for PBXNativeTarget "RenderTestUITests" */ = {
			isa = XCConfigurationList;
			buildConfigurations = (
				A16F657E1F28924B0009A233 /* Debug */,
				A16F657F1F28924B0009A233 /* Release */,
			);
			defaultConfigurationIsVisible = 0;
			defaultConfigurationName = Release;
		};
/* End XCConfigurationList section */
	};
	rootObject = A16F65471F28924B0009A233 /* Project object */;
}
